// !$*UTF8*$!
{
	archiveVersion = 1;
	classes = {
	};
	objectVersion = 55;
	objects = {

/* Begin PBXBuildFile section */
		6319B52A27D88DB5007C236E /* SFProDisplay-Bold.ttf in Resources */ = {isa = PBXBuildFile; fileRef = 63BA0C2E27D619B50025F0A5 /* SFProDisplay-Bold.ttf */; };
		6319B52B27D88DB7007C236E /* SFProDisplay-Medium.ttf in Resources */ = {isa = PBXBuildFile; fileRef = 63BA0C2F27D619B50025F0A5 /* SFProDisplay-Medium.ttf */; };
		6319B52C27D88DBA007C236E /* SFProDisplay-Regular.ttf in Resources */ = {isa = PBXBuildFile; fileRef = 63BA0C2D27D619B50025F0A5 /* SFProDisplay-Regular.ttf */; };
		6319B52D27D88DBD007C236E /* SFProDisplay-Semibold.ttf in Resources */ = {isa = PBXBuildFile; fileRef = 63BA0C3027D619B50025F0A5 /* SFProDisplay-Semibold.ttf */; };
		639C7D5027D61B2300A40FC2 /* Animations.swift in Sources */ = {isa = PBXBuildFile; fileRef = 639C7D4F27D61B2300A40FC2 /* Animations.swift */; };
		639C7D5327D61B4C00A40FC2 /* UITableViewDequeue.swift in Sources */ = {isa = PBXBuildFile; fileRef = 639C7D5227D61B4C00A40FC2 /* UITableViewDequeue.swift */; };
		639C7D5627D61BBD00A40FC2 /* UICollectionViewDequeue.swift in Sources */ = {isa = PBXBuildFile; fileRef = 639C7D5527D61BBD00A40FC2 /* UICollectionViewDequeue.swift */; };
		639C7D5927D61C0600A40FC2 /* UIImageView.swift in Sources */ = {isa = PBXBuildFile; fileRef = 639C7D5827D61C0600A40FC2 /* UIImageView.swift */; };
		639C7D5C27D61C9700A40FC2 /* CustomUISegmentedControl.swift in Sources */ = {isa = PBXBuildFile; fileRef = 639C7D5B27D61C9700A40FC2 /* CustomUISegmentedControl.swift */; };
		639C7D5F27D61CD300A40FC2 /* UIStackView.swift in Sources */ = {isa = PBXBuildFile; fileRef = 639C7D5E27D61CD300A40FC2 /* UIStackView.swift */; };
		639C7D6227D61D3200A40FC2 /* UIAlertControllerCommonInputData.swift in Sources */ = {isa = PBXBuildFile; fileRef = 639C7D6127D61D3200A40FC2 /* UIAlertControllerCommonInputData.swift */; };
		639C7D6427D61D4C00A40FC2 /* InitFromCommonInputData.swift in Sources */ = {isa = PBXBuildFile; fileRef = 639C7D6327D61D4C00A40FC2 /* InitFromCommonInputData.swift */; };
		639C7D6727D61D9100A40FC2 /* UILabel.swift in Sources */ = {isa = PBXBuildFile; fileRef = 639C7D6627D61D9100A40FC2 /* UILabel.swift */; };
		639C7D6A27D61DB200A40FC2 /* UIView.swift in Sources */ = {isa = PBXBuildFile; fileRef = 639C7D6927D61DB200A40FC2 /* UIView.swift */; };
		639C7D6C27D61DD700A40FC2 /* UIViewHiding.swift in Sources */ = {isa = PBXBuildFile; fileRef = 639C7D6B27D61DD700A40FC2 /* UIViewHiding.swift */; };
		639C7D6E27D61DED00A40FC2 /* UIViewAnimation.swift in Sources */ = {isa = PBXBuildFile; fileRef = 639C7D6D27D61DED00A40FC2 /* UIViewAnimation.swift */; };
		639C7D7127D61E2000A40FC2 /* UIImage.swift in Sources */ = {isa = PBXBuildFile; fileRef = 639C7D7027D61E2000A40FC2 /* UIImage.swift */; };
		639C7D7427D61E6500A40FC2 /* Types.swift in Sources */ = {isa = PBXBuildFile; fileRef = 639C7D7327D61E6500A40FC2 /* Types.swift */; };
		639C7D7727D61E8F00A40FC2 /* BaseViewController.swift in Sources */ = {isa = PBXBuildFile; fileRef = 639C7D7627D61E8F00A40FC2 /* BaseViewController.swift */; };
		639C7D7D27D61F3D00A40FC2 /* SchemeColor.swift in Sources */ = {isa = PBXBuildFile; fileRef = 639C7D7C27D61F3D00A40FC2 /* SchemeColor.swift */; };
		639C7D8027D61F4F00A40FC2 /* BaseColor.swift in Sources */ = {isa = PBXBuildFile; fileRef = 639C7D7F27D61F4F00A40FC2 /* BaseColor.swift */; };
		639C7D8227D61F8B00A40FC2 /* BaseFont.swift in Sources */ = {isa = PBXBuildFile; fileRef = 639C7D8127D61F8B00A40FC2 /* BaseFont.swift */; };
		639C7D8527D61FC900A40FC2 /* AppIcons.swift in Sources */ = {isa = PBXBuildFile; fileRef = 639C7D8427D61FC900A40FC2 /* AppIcons.swift */; };
		639C7D8827D6203100A40FC2 /* DI.swift in Sources */ = {isa = PBXBuildFile; fileRef = 639C7D8727D6203100A40FC2 /* DI.swift */; };
		639C7D8B27D620EA00A40FC2 /* Coordinator.swift in Sources */ = {isa = PBXBuildFile; fileRef = 639C7D8A27D620EA00A40FC2 /* Coordinator.swift */; };
		639C7D8D27D620F500A40FC2 /* RouterProtocol.swift in Sources */ = {isa = PBXBuildFile; fileRef = 639C7D8C27D620F500A40FC2 /* RouterProtocol.swift */; };
		639C7D9027D6213800A40FC2 /* ApplicationCoordinator.swift in Sources */ = {isa = PBXBuildFile; fileRef = 639C7D8F27D6213800A40FC2 /* ApplicationCoordinator.swift */; };
		639C7D9327D6214B00A40FC2 /* TabCoordinator.swift in Sources */ = {isa = PBXBuildFile; fileRef = 639C7D9227D6214B00A40FC2 /* TabCoordinator.swift */; };
		639C7D9527D6215D00A40FC2 /* StartCoordinator.swift in Sources */ = {isa = PBXBuildFile; fileRef = 639C7D9427D6215D00A40FC2 /* StartCoordinator.swift */; };
		639C7D9B27D63F9B00A40FC2 /* LaunchScreenView.swift in Sources */ = {isa = PBXBuildFile; fileRef = 639C7D9A27D63F9B00A40FC2 /* LaunchScreenView.swift */; };
		639C7D9D27D63FA600A40FC2 /* LaunchScreenViewController.swift in Sources */ = {isa = PBXBuildFile; fileRef = 639C7D9C27D63FA600A40FC2 /* LaunchScreenViewController.swift */; };
		639C7D9F27D6403E00A40FC2 /* ProfileCoordinator.swift in Sources */ = {isa = PBXBuildFile; fileRef = 639C7D9E27D6403E00A40FC2 /* ProfileCoordinator.swift */; };
		639C7DA127D6405C00A40FC2 /* FavouritesCoordinator.swift in Sources */ = {isa = PBXBuildFile; fileRef = 639C7DA027D6405C00A40FC2 /* FavouritesCoordinator.swift */; };
		639C7DA327D6407C00A40FC2 /* ChallengesCoordinator.swift in Sources */ = {isa = PBXBuildFile; fileRef = 639C7DA227D6407C00A40FC2 /* ChallengesCoordinator.swift */; };
		639C7DA527D6409500A40FC2 /* MainCoordinator.swift in Sources */ = {isa = PBXBuildFile; fileRef = 639C7DA427D6409500A40FC2 /* MainCoordinator.swift */; };
		639C7DB327D6441400A40FC2 /* MainView.swift in Sources */ = {isa = PBXBuildFile; fileRef = 639C7DB227D6441400A40FC2 /* MainView.swift */; };
		639C7DB627D6442E00A40FC2 /* MainViewController.swift in Sources */ = {isa = PBXBuildFile; fileRef = 639C7DB527D6442E00A40FC2 /* MainViewController.swift */; };
		639C7DB827D6443900A40FC2 /* ChallengesView.swift in Sources */ = {isa = PBXBuildFile; fileRef = 639C7DB727D6443900A40FC2 /* ChallengesView.swift */; };
		639C7DBA27D6444400A40FC2 /* ChallengesViewController.swift in Sources */ = {isa = PBXBuildFile; fileRef = 639C7DB927D6444400A40FC2 /* ChallengesViewController.swift */; };
		639C7DBC27D6444E00A40FC2 /* FavouritesView.swift in Sources */ = {isa = PBXBuildFile; fileRef = 639C7DBB27D6444E00A40FC2 /* FavouritesView.swift */; };
		639C7DBE27D6445900A40FC2 /* FavouritesViewController.swift in Sources */ = {isa = PBXBuildFile; fileRef = 639C7DBD27D6445900A40FC2 /* FavouritesViewController.swift */; };
		639C7DC027D6446200A40FC2 /* ProfileView.swift in Sources */ = {isa = PBXBuildFile; fileRef = 639C7DBF27D6446200A40FC2 /* ProfileView.swift */; };
		639C7DC227D6446C00A40FC2 /* ProfileViewController.swift in Sources */ = {isa = PBXBuildFile; fileRef = 639C7DC127D6446C00A40FC2 /* ProfileViewController.swift */; };
		639C7DCA27D6535100A40FC2 /* PrettyAlertView.swift in Sources */ = {isa = PBXBuildFile; fileRef = 639C7DC927D6535100A40FC2 /* PrettyAlertView.swift */; };
		639C7DCC27D6535F00A40FC2 /* PrettyAlertController.swift in Sources */ = {isa = PBXBuildFile; fileRef = 639C7DCB27D6535F00A40FC2 /* PrettyAlertController.swift */; };
		639C7DCE27D6536F00A40FC2 /* PrettyAlertDataModel.swift in Sources */ = {isa = PBXBuildFile; fileRef = 639C7DCD27D6536F00A40FC2 /* PrettyAlertDataModel.swift */; };
		639C7DD027D653DD00A40FC2 /* NavigationBar.swift in Sources */ = {isa = PBXBuildFile; fileRef = 639C7DCF27D653DD00A40FC2 /* NavigationBar.swift */; };
		639C7DD227D6541600A40FC2 /* ImagePreloaderView.swift in Sources */ = {isa = PBXBuildFile; fileRef = 639C7DD127D6541600A40FC2 /* ImagePreloaderView.swift */; };
		639C7DD427D6543300A40FC2 /* FloatingPanel.swift in Sources */ = {isa = PBXBuildFile; fileRef = 639C7DD327D6543300A40FC2 /* FloatingPanel.swift */; };
		63BA0BFB27D616120025F0A5 /* AppDelegate.swift in Sources */ = {isa = PBXBuildFile; fileRef = 63BA0BFA27D616120025F0A5 /* AppDelegate.swift */; };
		63BA0C0427D616130025F0A5 /* Assets.xcassets in Resources */ = {isa = PBXBuildFile; fileRef = 63BA0C0327D616130025F0A5 /* Assets.xcassets */; };
		63BA0C0727D616130025F0A5 /* LaunchScreen.storyboard in Resources */ = {isa = PBXBuildFile; fileRef = 63BA0C0527D616130025F0A5 /* LaunchScreen.storyboard */; };
		63BA0C1527D617580025F0A5 /* TabBarController.swift in Sources */ = {isa = PBXBuildFile; fileRef = 63BA0C1427D617580025F0A5 /* TabBarController.swift */; };
		63BA0C1B27D617A60025F0A5 /* RequestBuilderImpl.swift in Sources */ = {isa = PBXBuildFile; fileRef = 63BA0C1A27D617A60025F0A5 /* RequestBuilderImpl.swift */; };
		63BA0C1D27D617B50025F0A5 /* APIClient.swift in Sources */ = {isa = PBXBuildFile; fileRef = 63BA0C1C27D617B50025F0A5 /* APIClient.swift */; };
		63BA0C2027D617CA0025F0A5 /* APIError.swift in Sources */ = {isa = PBXBuildFile; fileRef = 63BA0C1F27D617CA0025F0A5 /* APIError.swift */; };
		63BA0C2227D6188A0025F0A5 /* ConfigurationProtocol.swift in Sources */ = {isa = PBXBuildFile; fileRef = 63BA0C2127D6188A0025F0A5 /* ConfigurationProtocol.swift */; };
		63BA0C2427D618970025F0A5 /* SessionConfigurationProtocol.swift in Sources */ = {isa = PBXBuildFile; fileRef = 63BA0C2327D618970025F0A5 /* SessionConfigurationProtocol.swift */; };
		63BA0C2C27D619260025F0A5 /* KeyChainService.swift in Sources */ = {isa = PBXBuildFile; fileRef = 63BA0C2B27D619260025F0A5 /* KeyChainService.swift */; };
		63BA0C3227D619FC0025F0A5 /* TabBarTransitions.swift in Sources */ = {isa = PBXBuildFile; fileRef = 63BA0C3127D619FC0025F0A5 /* TabBarTransitions.swift */; };
		7FE13D8943D27939E94750CA /* Pods_MedicalInstruments.framework in Frameworks */ = {isa = PBXBuildFile; fileRef = F03B5FB9619743394A737D10 /* Pods_MedicalInstruments.framework */; };
		8E10F66327D87B4A00EBF12E /* SubcategoriesView.swift in Sources */ = {isa = PBXBuildFile; fileRef = 8E10F66227D87B4A00EBF12E /* SubcategoriesView.swift */; };
		8E10F66527D87B5B00EBF12E /* SubcategoriesViewController.swift in Sources */ = {isa = PBXBuildFile; fileRef = 8E10F66427D87B5B00EBF12E /* SubcategoriesViewController.swift */; };
		8E10F66727D87DC000EBF12E /* NavigationBartitle.swift in Sources */ = {isa = PBXBuildFile; fileRef = 8E10F66627D87DC000EBF12E /* NavigationBartitle.swift */; };
		8E10F66927D8E51200EBF12E /* LastResultView.swift in Sources */ = {isa = PBXBuildFile; fileRef = 8E10F66827D8E51200EBF12E /* LastResultView.swift */; };
		8E10F66B27D8E8D700EBF12E /* CircularProgressBar.swift in Sources */ = {isa = PBXBuildFile; fileRef = 8E10F66A27D8E8D700EBF12E /* CircularProgressBar.swift */; };
		8E10F66D27D9BA3000EBF12E /* TagsCollectionView.swift in Sources */ = {isa = PBXBuildFile; fileRef = 8E10F66C27D9BA3000EBF12E /* TagsCollectionView.swift */; };
		8E10F67027D9BB6200EBF12E /* TagsCollectionViewCell.swift in Sources */ = {isa = PBXBuildFile; fileRef = 8E10F66F27D9BB6200EBF12E /* TagsCollectionViewCell.swift */; };
		8E10F67527D9C57800EBF12E /* InstrumentListView.swift in Sources */ = {isa = PBXBuildFile; fileRef = 8E10F67427D9C57800EBF12E /* InstrumentListView.swift */; };
		8E10F67727D9C59700EBF12E /* InstrumentListViewController.swift in Sources */ = {isa = PBXBuildFile; fileRef = 8E10F67627D9C59700EBF12E /* InstrumentListViewController.swift */; };
		8E10F67A27D9C5FF00EBF12E /* InstrumentTableViewCell.swift in Sources */ = {isa = PBXBuildFile; fileRef = 8E10F67927D9C5FF00EBF12E /* InstrumentTableViewCell.swift */; };
		8E10F67D27D9D0E700EBF12E /* SubcategoriesDataModel.swift in Sources */ = {isa = PBXBuildFile; fileRef = 8E10F67C27D9D0E700EBF12E /* SubcategoriesDataModel.swift */; };
		8E10F68027DA53AA00EBF12E /* DificultCell.swift in Sources */ = {isa = PBXBuildFile; fileRef = 8E10F67F27DA53AA00EBF12E /* DificultCell.swift */; };
		8E10F68627DA6D4600EBF12E /* ChangeCategoriesView.swift in Sources */ = {isa = PBXBuildFile; fileRef = 8E10F68527DA6D4500EBF12E /* ChangeCategoriesView.swift */; };
		8E10F68827DA6D8E00EBF12E /* ChangeCategoriesViewController.swift in Sources */ = {isa = PBXBuildFile; fileRef = 8E10F68727DA6D8E00EBF12E /* ChangeCategoriesViewController.swift */; };
		8E10F68B27DB6F8E00EBF12E /* ChangeCategoriesCell.swift in Sources */ = {isa = PBXBuildFile; fileRef = 8E10F68A27DB6F8E00EBF12E /* ChangeCategoriesCell.swift */; };
		8E10F68E27DB7D7700EBF12E /* ChalengesViewDataModel.swift in Sources */ = {isa = PBXBuildFile; fileRef = 8E10F68D27DB7D7700EBF12E /* ChalengesViewDataModel.swift */; };
		8E10F69327DB929700EBF12E /* CatalogProviderRequestParam.swift in Sources */ = {isa = PBXBuildFile; fileRef = 8E10F69227DB929600EBF12E /* CatalogProviderRequestParam.swift */; };
		8E10F69527DB92F300EBF12E /* getInstrumentsByTypeResponse.swift in Sources */ = {isa = PBXBuildFile; fileRef = 8E10F69427DB92F300EBF12E /* getInstrumentsByTypeResponse.swift */; };
		8E10F69827DB93B100EBF12E /* CatalogClient.swift in Sources */ = {isa = PBXBuildFile; fileRef = 8E10F69727DB93B100EBF12E /* CatalogClient.swift */; };
		8E10F69B27DB94D900EBF12E /* CatalogService.swift in Sources */ = {isa = PBXBuildFile; fileRef = 8E10F69A27DB94D900EBF12E /* CatalogService.swift */; };
		8E10F69E27DB959500EBF12E /* CatalogProvider.swift in Sources */ = {isa = PBXBuildFile; fileRef = 8E10F69D27DB959500EBF12E /* CatalogProvider.swift */; };
		8E10F6A327DE1F0900EBF12E /* QuizVeiw.swift in Sources */ = {isa = PBXBuildFile; fileRef = 8E10F6A227DE1F0800EBF12E /* QuizVeiw.swift */; };
		8E10F6A527DE1F2500EBF12E /* QuizViewController.swift in Sources */ = {isa = PBXBuildFile; fileRef = 8E10F6A427DE1F2500EBF12E /* QuizViewController.swift */; };
		8E10F6A827DE2B9D00EBF12E /* ChangeCategoriesDataModel.swift in Sources */ = {isa = PBXBuildFile; fileRef = 8E10F6A727DE2B9D00EBF12E /* ChangeCategoriesDataModel.swift */; };
		8E30EBA527D75715005AE313 /* MainCollectionViewCell.swift in Sources */ = {isa = PBXBuildFile; fileRef = 8E30EBA427D75715005AE313 /* MainCollectionViewCell.swift */; };
		8E30EBAA27D76220005AE313 /* MainDataModel.swift in Sources */ = {isa = PBXBuildFile; fileRef = 8E30EBA927D76220005AE313 /* MainDataModel.swift */; };
		8EC08FC127E5A6C400F544B2 /* QuizDataModel.swift in Sources */ = {isa = PBXBuildFile; fileRef = 8EC08FC027E5A6C400F544B2 /* QuizDataModel.swift */; };
		8EC08FC727E5B10400F544B2 /* QuizResultView.swift in Sources */ = {isa = PBXBuildFile; fileRef = 8EC08FC627E5B10400F544B2 /* QuizResultView.swift */; };
		8EC08FC927E5B6A700F544B2 /* FirstBanner.swift in Sources */ = {isa = PBXBuildFile; fileRef = 8EC08FC827E5B6A700F544B2 /* FirstBanner.swift */; };
		8EC08FCB27E5C1B700F544B2 /* ResultScreenViewController.swift in Sources */ = {isa = PBXBuildFile; fileRef = 8EC08FCA27E5C1B700F544B2 /* ResultScreenViewController.swift */; };
		8EC08FCE27E5C4C700F544B2 /* ResultDataModel.swift in Sources */ = {isa = PBXBuildFile; fileRef = 8EC08FCD27E5C4C700F544B2 /* ResultDataModel.swift */; };
		8EC08FD127EC8CBE00F544B2 /* InstrumentListDataModel.swift in Sources */ = {isa = PBXBuildFile; fileRef = 8EC08FD027EC8CBE00F544B2 /* InstrumentListDataModel.swift */; };
		8EC568E527E09C310065E845 /* FirstView.swift in Sources */ = {isa = PBXBuildFile; fileRef = 8EC568E427E09C310065E845 /* FirstView.swift */; };
		8EC568E727E09C570065E845 /* FirstViewController.swift in Sources */ = {isa = PBXBuildFile; fileRef = 8EC568E627E09C570065E845 /* FirstViewController.swift */; };
		8EC568EC27E0A81C0065E845 /* AuthView.swift in Sources */ = {isa = PBXBuildFile; fileRef = 8EC568EB27E0A81C0065E845 /* AuthView.swift */; };
		8EC568EE27E0A86C0065E845 /* AuhtViewController.swift in Sources */ = {isa = PBXBuildFile; fileRef = 8EC568ED27E0A86C0065E845 /* AuhtViewController.swift */; };
		8EC568F127E0AEEF0065E845 /* InputForm.swift in Sources */ = {isa = PBXBuildFile; fileRef = 8EC568F027E0AEEF0065E845 /* InputForm.swift */; };
		8EC568F327E0AF2C0065E845 /* InputForm + constraints.swift in Sources */ = {isa = PBXBuildFile; fileRef = 8EC568F227E0AF2C0065E845 /* InputForm + constraints.swift */; };
		8EC568F527E0AF5A0065E845 /* SuggestionsListItem.swift in Sources */ = {isa = PBXBuildFile; fileRef = 8EC568F427E0AF5A0065E845 /* SuggestionsListItem.swift */; };
		8EC568F727E0AF700065E845 /* InputForm + animations.swift in Sources */ = {isa = PBXBuildFile; fileRef = 8EC568F627E0AF700065E845 /* InputForm + animations.swift */; };
		8EC568F927E0AF9A0065E845 /* InputForm + UITextFieldDelegate.swift in Sources */ = {isa = PBXBuildFile; fileRef = 8EC568F827E0AF9A0065E845 /* InputForm + UITextFieldDelegate.swift */; };
		8EC568FB27E0AFB30065E845 /* InputFormModel.swift in Sources */ = {isa = PBXBuildFile; fileRef = 8EC568FA27E0AFB30065E845 /* InputFormModel.swift */; };
		8EC568FF27E0C9FC0065E845 /* FirstViewDataModel.swift in Sources */ = {isa = PBXBuildFile; fileRef = 8EC568FE27E0C9FC0065E845 /* FirstViewDataModel.swift */; };
		8EC5690227E0E5350065E845 /* AuthDataModel.swift in Sources */ = {isa = PBXBuildFile; fileRef = 8EC5690127E0E5350065E845 /* AuthDataModel.swift */; };
		8EC5690527E102A50065E845 /* MainPageDataModel.swift in Sources */ = {isa = PBXBuildFile; fileRef = 8EC5690427E102A50065E845 /* MainPageDataModel.swift */; };
		8EC5690B27E111200065E845 /* AlertDialogView.swift in Sources */ = {isa = PBXBuildFile; fileRef = 8EC5690A27E111200065E845 /* AlertDialogView.swift */; };
		8EC5690F27E115880065E845 /* AlertDialogViewController.swift in Sources */ = {isa = PBXBuildFile; fileRef = 8EC5690E27E115880065E845 /* AlertDialogViewController.swift */; };
		8EC5691527E152090065E845 /* RegistrationScreen.swift in Sources */ = {isa = PBXBuildFile; fileRef = 8EC5691427E152090065E845 /* RegistrationScreen.swift */; };
		8EC5691727E152310065E845 /* RegistrationViewController.swift in Sources */ = {isa = PBXBuildFile; fileRef = 8EC5691627E152310065E845 /* RegistrationViewController.swift */; };
		8EC5691927E152640065E845 /* RegistrationDataModel.swift in Sources */ = {isa = PBXBuildFile; fileRef = 8EC5691827E152640065E845 /* RegistrationDataModel.swift */; };
		8ED8156627ECBDD000226B3E /* EmptyView.swift in Sources */ = {isa = PBXBuildFile; fileRef = 8ED8156527ECBDD000226B3E /* EmptyView.swift */; };
		8EFA64E327ECCB9600DB1310 /* FavouritesDataModel.swift in Sources */ = {isa = PBXBuildFile; fileRef = 8EFA64E227ECCB9600DB1310 /* FavouritesDataModel.swift */; };
		8EFC9EE027F70D3200F098C8 /* UICollectionView + SelectItem.swift in Sources */ = {isa = PBXBuildFile; fileRef = 8EFC9EDF27F70D3200F098C8 /* UICollectionView + SelectItem.swift */; };
		8EFC9EE227F70D8500F098C8 /* AnimationCollectionViewCellProtocol.swift in Sources */ = {isa = PBXBuildFile; fileRef = 8EFC9EE127F70D8500F098C8 /* AnimationCollectionViewCellProtocol.swift */; };
		8EFC9EE427F70DC000F098C8 /* AnimatorInitCollectionViewFactory.swift in Sources */ = {isa = PBXBuildFile; fileRef = 8EFC9EE327F70DC000F098C8 /* AnimatorInitCollectionViewFactory.swift */; };
/* End PBXBuildFile section */

/* Begin PBXFileReference section */
		456839DD83B80AD68B109B2F /* Pods-MedicalInstruments.debug.xcconfig */ = {isa = PBXFileReference; includeInIndex = 1; lastKnownFileType = text.xcconfig; name = "Pods-MedicalInstruments.debug.xcconfig"; path = "Target Support Files/Pods-MedicalInstruments/Pods-MedicalInstruments.debug.xcconfig"; sourceTree = "<group>"; };
		639C7D4F27D61B2300A40FC2 /* Animations.swift */ = {isa = PBXFileReference; lastKnownFileType = sourcecode.swift; path = Animations.swift; sourceTree = "<group>"; };
		639C7D5227D61B4C00A40FC2 /* UITableViewDequeue.swift */ = {isa = PBXFileReference; lastKnownFileType = sourcecode.swift; path = UITableViewDequeue.swift; sourceTree = "<group>"; };
		639C7D5527D61BBD00A40FC2 /* UICollectionViewDequeue.swift */ = {isa = PBXFileReference; lastKnownFileType = sourcecode.swift; path = UICollectionViewDequeue.swift; sourceTree = "<group>"; };
		639C7D5827D61C0600A40FC2 /* UIImageView.swift */ = {isa = PBXFileReference; lastKnownFileType = sourcecode.swift; path = UIImageView.swift; sourceTree = "<group>"; };
		639C7D5B27D61C9700A40FC2 /* CustomUISegmentedControl.swift */ = {isa = PBXFileReference; lastKnownFileType = sourcecode.swift; path = CustomUISegmentedControl.swift; sourceTree = "<group>"; };
		639C7D5E27D61CD300A40FC2 /* UIStackView.swift */ = {isa = PBXFileReference; lastKnownFileType = sourcecode.swift; path = UIStackView.swift; sourceTree = "<group>"; };
		639C7D6127D61D3200A40FC2 /* UIAlertControllerCommonInputData.swift */ = {isa = PBXFileReference; lastKnownFileType = sourcecode.swift; path = UIAlertControllerCommonInputData.swift; sourceTree = "<group>"; };
		639C7D6327D61D4C00A40FC2 /* InitFromCommonInputData.swift */ = {isa = PBXFileReference; lastKnownFileType = sourcecode.swift; path = InitFromCommonInputData.swift; sourceTree = "<group>"; };
		639C7D6627D61D9100A40FC2 /* UILabel.swift */ = {isa = PBXFileReference; lastKnownFileType = sourcecode.swift; path = UILabel.swift; sourceTree = "<group>"; };
		639C7D6927D61DB200A40FC2 /* UIView.swift */ = {isa = PBXFileReference; lastKnownFileType = sourcecode.swift; path = UIView.swift; sourceTree = "<group>"; };
		639C7D6B27D61DD700A40FC2 /* UIViewHiding.swift */ = {isa = PBXFileReference; lastKnownFileType = sourcecode.swift; path = UIViewHiding.swift; sourceTree = "<group>"; };
		639C7D6D27D61DED00A40FC2 /* UIViewAnimation.swift */ = {isa = PBXFileReference; lastKnownFileType = sourcecode.swift; path = UIViewAnimation.swift; sourceTree = "<group>"; };
		639C7D7027D61E2000A40FC2 /* UIImage.swift */ = {isa = PBXFileReference; lastKnownFileType = sourcecode.swift; path = UIImage.swift; sourceTree = "<group>"; };
		639C7D7327D61E6500A40FC2 /* Types.swift */ = {isa = PBXFileReference; lastKnownFileType = sourcecode.swift; path = Types.swift; sourceTree = "<group>"; };
		639C7D7627D61E8F00A40FC2 /* BaseViewController.swift */ = {isa = PBXFileReference; lastKnownFileType = sourcecode.swift; path = BaseViewController.swift; sourceTree = "<group>"; };
		639C7D7C27D61F3D00A40FC2 /* SchemeColor.swift */ = {isa = PBXFileReference; lastKnownFileType = sourcecode.swift; path = SchemeColor.swift; sourceTree = "<group>"; };
		639C7D7F27D61F4F00A40FC2 /* BaseColor.swift */ = {isa = PBXFileReference; lastKnownFileType = sourcecode.swift; path = BaseColor.swift; sourceTree = "<group>"; };
		639C7D8127D61F8B00A40FC2 /* BaseFont.swift */ = {isa = PBXFileReference; lastKnownFileType = sourcecode.swift; path = BaseFont.swift; sourceTree = "<group>"; };
		639C7D8427D61FC900A40FC2 /* AppIcons.swift */ = {isa = PBXFileReference; lastKnownFileType = sourcecode.swift; path = AppIcons.swift; sourceTree = "<group>"; };
		639C7D8727D6203100A40FC2 /* DI.swift */ = {isa = PBXFileReference; lastKnownFileType = sourcecode.swift; path = DI.swift; sourceTree = "<group>"; };
		639C7D8A27D620EA00A40FC2 /* Coordinator.swift */ = {isa = PBXFileReference; lastKnownFileType = sourcecode.swift; path = Coordinator.swift; sourceTree = "<group>"; };
		639C7D8C27D620F500A40FC2 /* RouterProtocol.swift */ = {isa = PBXFileReference; lastKnownFileType = sourcecode.swift; path = RouterProtocol.swift; sourceTree = "<group>"; };
		639C7D8F27D6213800A40FC2 /* ApplicationCoordinator.swift */ = {isa = PBXFileReference; lastKnownFileType = sourcecode.swift; path = ApplicationCoordinator.swift; sourceTree = "<group>"; };
		639C7D9227D6214B00A40FC2 /* TabCoordinator.swift */ = {isa = PBXFileReference; lastKnownFileType = sourcecode.swift; path = TabCoordinator.swift; sourceTree = "<group>"; };
		639C7D9427D6215D00A40FC2 /* StartCoordinator.swift */ = {isa = PBXFileReference; lastKnownFileType = sourcecode.swift; path = StartCoordinator.swift; sourceTree = "<group>"; };
		639C7D9A27D63F9B00A40FC2 /* LaunchScreenView.swift */ = {isa = PBXFileReference; lastKnownFileType = sourcecode.swift; path = LaunchScreenView.swift; sourceTree = "<group>"; };
		639C7D9C27D63FA600A40FC2 /* LaunchScreenViewController.swift */ = {isa = PBXFileReference; lastKnownFileType = sourcecode.swift; path = LaunchScreenViewController.swift; sourceTree = "<group>"; };
		639C7D9E27D6403E00A40FC2 /* ProfileCoordinator.swift */ = {isa = PBXFileReference; lastKnownFileType = sourcecode.swift; path = ProfileCoordinator.swift; sourceTree = "<group>"; };
		639C7DA027D6405C00A40FC2 /* FavouritesCoordinator.swift */ = {isa = PBXFileReference; lastKnownFileType = sourcecode.swift; path = FavouritesCoordinator.swift; sourceTree = "<group>"; };
		639C7DA227D6407C00A40FC2 /* ChallengesCoordinator.swift */ = {isa = PBXFileReference; lastKnownFileType = sourcecode.swift; path = ChallengesCoordinator.swift; sourceTree = "<group>"; };
		639C7DA427D6409500A40FC2 /* MainCoordinator.swift */ = {isa = PBXFileReference; lastKnownFileType = sourcecode.swift; path = MainCoordinator.swift; sourceTree = "<group>"; };
		639C7DB227D6441400A40FC2 /* MainView.swift */ = {isa = PBXFileReference; lastKnownFileType = sourcecode.swift; path = MainView.swift; sourceTree = "<group>"; };
		639C7DB527D6442E00A40FC2 /* MainViewController.swift */ = {isa = PBXFileReference; lastKnownFileType = sourcecode.swift; path = MainViewController.swift; sourceTree = "<group>"; };
		639C7DB727D6443900A40FC2 /* ChallengesView.swift */ = {isa = PBXFileReference; lastKnownFileType = sourcecode.swift; path = ChallengesView.swift; sourceTree = "<group>"; };
		639C7DB927D6444400A40FC2 /* ChallengesViewController.swift */ = {isa = PBXFileReference; lastKnownFileType = sourcecode.swift; path = ChallengesViewController.swift; sourceTree = "<group>"; };
		639C7DBB27D6444E00A40FC2 /* FavouritesView.swift */ = {isa = PBXFileReference; lastKnownFileType = sourcecode.swift; path = FavouritesView.swift; sourceTree = "<group>"; };
		639C7DBD27D6445900A40FC2 /* FavouritesViewController.swift */ = {isa = PBXFileReference; lastKnownFileType = sourcecode.swift; path = FavouritesViewController.swift; sourceTree = "<group>"; };
		639C7DBF27D6446200A40FC2 /* ProfileView.swift */ = {isa = PBXFileReference; lastKnownFileType = sourcecode.swift; path = ProfileView.swift; sourceTree = "<group>"; };
		639C7DC127D6446C00A40FC2 /* ProfileViewController.swift */ = {isa = PBXFileReference; lastKnownFileType = sourcecode.swift; path = ProfileViewController.swift; sourceTree = "<group>"; };
		639C7DC927D6535100A40FC2 /* PrettyAlertView.swift */ = {isa = PBXFileReference; lastKnownFileType = sourcecode.swift; path = PrettyAlertView.swift; sourceTree = "<group>"; };
		639C7DCB27D6535F00A40FC2 /* PrettyAlertController.swift */ = {isa = PBXFileReference; lastKnownFileType = sourcecode.swift; path = PrettyAlertController.swift; sourceTree = "<group>"; };
		639C7DCD27D6536F00A40FC2 /* PrettyAlertDataModel.swift */ = {isa = PBXFileReference; lastKnownFileType = sourcecode.swift; path = PrettyAlertDataModel.swift; sourceTree = "<group>"; };
		639C7DCF27D653DD00A40FC2 /* NavigationBar.swift */ = {isa = PBXFileReference; lastKnownFileType = sourcecode.swift; path = NavigationBar.swift; sourceTree = "<group>"; };
		639C7DD127D6541600A40FC2 /* ImagePreloaderView.swift */ = {isa = PBXFileReference; lastKnownFileType = sourcecode.swift; path = ImagePreloaderView.swift; sourceTree = "<group>"; };
		639C7DD327D6543300A40FC2 /* FloatingPanel.swift */ = {isa = PBXFileReference; lastKnownFileType = sourcecode.swift; path = FloatingPanel.swift; sourceTree = "<group>"; };
		63BA0BF727D616120025F0A5 /* MedicalInstruments.app */ = {isa = PBXFileReference; explicitFileType = wrapper.application; includeInIndex = 0; path = MedicalInstruments.app; sourceTree = BUILT_PRODUCTS_DIR; };
		63BA0BFA27D616120025F0A5 /* AppDelegate.swift */ = {isa = PBXFileReference; lastKnownFileType = sourcecode.swift; path = AppDelegate.swift; sourceTree = "<group>"; };
		63BA0C0327D616130025F0A5 /* Assets.xcassets */ = {isa = PBXFileReference; lastKnownFileType = folder.assetcatalog; path = Assets.xcassets; sourceTree = "<group>"; };
		63BA0C0627D616130025F0A5 /* Base */ = {isa = PBXFileReference; lastKnownFileType = file.storyboard; name = Base; path = Base.lproj/LaunchScreen.storyboard; sourceTree = "<group>"; };
		63BA0C0827D616130025F0A5 /* Info.plist */ = {isa = PBXFileReference; lastKnownFileType = text.plist.xml; path = Info.plist; sourceTree = "<group>"; };
		63BA0C1427D617580025F0A5 /* TabBarController.swift */ = {isa = PBXFileReference; lastKnownFileType = sourcecode.swift; path = TabBarController.swift; sourceTree = "<group>"; };
		63BA0C1A27D617A60025F0A5 /* RequestBuilderImpl.swift */ = {isa = PBXFileReference; lastKnownFileType = sourcecode.swift; path = RequestBuilderImpl.swift; sourceTree = "<group>"; };
		63BA0C1C27D617B50025F0A5 /* APIClient.swift */ = {isa = PBXFileReference; lastKnownFileType = sourcecode.swift; path = APIClient.swift; sourceTree = "<group>"; };
		63BA0C1F27D617CA0025F0A5 /* APIError.swift */ = {isa = PBXFileReference; lastKnownFileType = sourcecode.swift; path = APIError.swift; sourceTree = "<group>"; };
		63BA0C2127D6188A0025F0A5 /* ConfigurationProtocol.swift */ = {isa = PBXFileReference; lastKnownFileType = sourcecode.swift; path = ConfigurationProtocol.swift; sourceTree = "<group>"; };
		63BA0C2327D618970025F0A5 /* SessionConfigurationProtocol.swift */ = {isa = PBXFileReference; lastKnownFileType = sourcecode.swift; path = SessionConfigurationProtocol.swift; sourceTree = "<group>"; };
		63BA0C2B27D619260025F0A5 /* KeyChainService.swift */ = {isa = PBXFileReference; lastKnownFileType = sourcecode.swift; path = KeyChainService.swift; sourceTree = "<group>"; };
		63BA0C2D27D619B50025F0A5 /* SFProDisplay-Regular.ttf */ = {isa = PBXFileReference; lastKnownFileType = file; path = "SFProDisplay-Regular.ttf"; sourceTree = "<group>"; };
		63BA0C2E27D619B50025F0A5 /* SFProDisplay-Bold.ttf */ = {isa = PBXFileReference; lastKnownFileType = file; path = "SFProDisplay-Bold.ttf"; sourceTree = "<group>"; };
		63BA0C2F27D619B50025F0A5 /* SFProDisplay-Medium.ttf */ = {isa = PBXFileReference; lastKnownFileType = file; path = "SFProDisplay-Medium.ttf"; sourceTree = "<group>"; };
		63BA0C3027D619B50025F0A5 /* SFProDisplay-Semibold.ttf */ = {isa = PBXFileReference; lastKnownFileType = file; path = "SFProDisplay-Semibold.ttf"; sourceTree = "<group>"; };
		63BA0C3127D619FC0025F0A5 /* TabBarTransitions.swift */ = {isa = PBXFileReference; lastKnownFileType = sourcecode.swift; path = TabBarTransitions.swift; sourceTree = "<group>"; };
		7EA21EDF9699ABE43310B597 /* Pods-MedicalInstruments.release.xcconfig */ = {isa = PBXFileReference; includeInIndex = 1; lastKnownFileType = text.xcconfig; name = "Pods-MedicalInstruments.release.xcconfig"; path = "Target Support Files/Pods-MedicalInstruments/Pods-MedicalInstruments.release.xcconfig"; sourceTree = "<group>"; };
		8E10F66227D87B4A00EBF12E /* SubcategoriesView.swift */ = {isa = PBXFileReference; lastKnownFileType = sourcecode.swift; path = SubcategoriesView.swift; sourceTree = "<group>"; };
		8E10F66427D87B5B00EBF12E /* SubcategoriesViewController.swift */ = {isa = PBXFileReference; lastKnownFileType = sourcecode.swift; path = SubcategoriesViewController.swift; sourceTree = "<group>"; };
		8E10F66627D87DC000EBF12E /* NavigationBartitle.swift */ = {isa = PBXFileReference; lastKnownFileType = sourcecode.swift; path = NavigationBartitle.swift; sourceTree = "<group>"; };
		8E10F66827D8E51200EBF12E /* LastResultView.swift */ = {isa = PBXFileReference; lastKnownFileType = sourcecode.swift; path = LastResultView.swift; sourceTree = "<group>"; };
		8E10F66A27D8E8D700EBF12E /* CircularProgressBar.swift */ = {isa = PBXFileReference; lastKnownFileType = sourcecode.swift; path = CircularProgressBar.swift; sourceTree = "<group>"; };
		8E10F66C27D9BA3000EBF12E /* TagsCollectionView.swift */ = {isa = PBXFileReference; lastKnownFileType = sourcecode.swift; path = TagsCollectionView.swift; sourceTree = "<group>"; };
		8E10F66F27D9BB6200EBF12E /* TagsCollectionViewCell.swift */ = {isa = PBXFileReference; lastKnownFileType = sourcecode.swift; path = TagsCollectionViewCell.swift; sourceTree = "<group>"; };
		8E10F67427D9C57800EBF12E /* InstrumentListView.swift */ = {isa = PBXFileReference; lastKnownFileType = sourcecode.swift; path = InstrumentListView.swift; sourceTree = "<group>"; };
		8E10F67627D9C59700EBF12E /* InstrumentListViewController.swift */ = {isa = PBXFileReference; lastKnownFileType = sourcecode.swift; path = InstrumentListViewController.swift; sourceTree = "<group>"; };
		8E10F67927D9C5FF00EBF12E /* InstrumentTableViewCell.swift */ = {isa = PBXFileReference; lastKnownFileType = sourcecode.swift; path = InstrumentTableViewCell.swift; sourceTree = "<group>"; };
		8E10F67C27D9D0E700EBF12E /* SubcategoriesDataModel.swift */ = {isa = PBXFileReference; lastKnownFileType = sourcecode.swift; path = SubcategoriesDataModel.swift; sourceTree = "<group>"; };
		8E10F67F27DA53AA00EBF12E /* DificultCell.swift */ = {isa = PBXFileReference; lastKnownFileType = sourcecode.swift; path = DificultCell.swift; sourceTree = "<group>"; };
		8E10F68527DA6D4500EBF12E /* ChangeCategoriesView.swift */ = {isa = PBXFileReference; lastKnownFileType = sourcecode.swift; path = ChangeCategoriesView.swift; sourceTree = "<group>"; };
		8E10F68727DA6D8E00EBF12E /* ChangeCategoriesViewController.swift */ = {isa = PBXFileReference; lastKnownFileType = sourcecode.swift; path = ChangeCategoriesViewController.swift; sourceTree = "<group>"; };
		8E10F68A27DB6F8E00EBF12E /* ChangeCategoriesCell.swift */ = {isa = PBXFileReference; lastKnownFileType = sourcecode.swift; path = ChangeCategoriesCell.swift; sourceTree = "<group>"; };
		8E10F68D27DB7D7700EBF12E /* ChalengesViewDataModel.swift */ = {isa = PBXFileReference; lastKnownFileType = sourcecode.swift; path = ChalengesViewDataModel.swift; sourceTree = "<group>"; };
		8E10F69227DB929600EBF12E /* CatalogProviderRequestParam.swift */ = {isa = PBXFileReference; lastKnownFileType = sourcecode.swift; path = CatalogProviderRequestParam.swift; sourceTree = "<group>"; };
		8E10F69427DB92F300EBF12E /* getInstrumentsByTypeResponse.swift */ = {isa = PBXFileReference; lastKnownFileType = sourcecode.swift; path = getInstrumentsByTypeResponse.swift; sourceTree = "<group>"; };
		8E10F69727DB93B100EBF12E /* CatalogClient.swift */ = {isa = PBXFileReference; lastKnownFileType = sourcecode.swift; path = CatalogClient.swift; sourceTree = "<group>"; };
		8E10F69A27DB94D900EBF12E /* CatalogService.swift */ = {isa = PBXFileReference; lastKnownFileType = sourcecode.swift; path = CatalogService.swift; sourceTree = "<group>"; };
		8E10F69D27DB959500EBF12E /* CatalogProvider.swift */ = {isa = PBXFileReference; lastKnownFileType = sourcecode.swift; path = CatalogProvider.swift; sourceTree = "<group>"; };
		8E10F6A227DE1F0800EBF12E /* QuizVeiw.swift */ = {isa = PBXFileReference; lastKnownFileType = sourcecode.swift; path = QuizVeiw.swift; sourceTree = "<group>"; };
		8E10F6A427DE1F2500EBF12E /* QuizViewController.swift */ = {isa = PBXFileReference; lastKnownFileType = sourcecode.swift; path = QuizViewController.swift; sourceTree = "<group>"; };
		8E10F6A727DE2B9D00EBF12E /* ChangeCategoriesDataModel.swift */ = {isa = PBXFileReference; lastKnownFileType = sourcecode.swift; path = ChangeCategoriesDataModel.swift; sourceTree = "<group>"; };
		8E30EBA427D75715005AE313 /* MainCollectionViewCell.swift */ = {isa = PBXFileReference; lastKnownFileType = sourcecode.swift; path = MainCollectionViewCell.swift; sourceTree = "<group>"; };
		8E30EBA927D76220005AE313 /* MainDataModel.swift */ = {isa = PBXFileReference; lastKnownFileType = sourcecode.swift; path = MainDataModel.swift; sourceTree = "<group>"; };
		8EC08FC027E5A6C400F544B2 /* QuizDataModel.swift */ = {isa = PBXFileReference; lastKnownFileType = sourcecode.swift; path = QuizDataModel.swift; sourceTree = "<group>"; };
		8EC08FC627E5B10400F544B2 /* QuizResultView.swift */ = {isa = PBXFileReference; lastKnownFileType = sourcecode.swift; path = QuizResultView.swift; sourceTree = "<group>"; };
		8EC08FC827E5B6A700F544B2 /* FirstBanner.swift */ = {isa = PBXFileReference; lastKnownFileType = sourcecode.swift; path = FirstBanner.swift; sourceTree = "<group>"; };
		8EC08FCA27E5C1B700F544B2 /* ResultScreenViewController.swift */ = {isa = PBXFileReference; lastKnownFileType = sourcecode.swift; path = ResultScreenViewController.swift; sourceTree = "<group>"; };
		8EC08FCD27E5C4C700F544B2 /* ResultDataModel.swift */ = {isa = PBXFileReference; lastKnownFileType = sourcecode.swift; path = ResultDataModel.swift; sourceTree = "<group>"; };
		8EC08FD027EC8CBE00F544B2 /* InstrumentListDataModel.swift */ = {isa = PBXFileReference; lastKnownFileType = sourcecode.swift; path = InstrumentListDataModel.swift; sourceTree = "<group>"; };
		8EC568E427E09C310065E845 /* FirstView.swift */ = {isa = PBXFileReference; lastKnownFileType = sourcecode.swift; path = FirstView.swift; sourceTree = "<group>"; };
		8EC568E627E09C570065E845 /* FirstViewController.swift */ = {isa = PBXFileReference; lastKnownFileType = sourcecode.swift; path = FirstViewController.swift; sourceTree = "<group>"; };
		8EC568EB27E0A81C0065E845 /* AuthView.swift */ = {isa = PBXFileReference; lastKnownFileType = sourcecode.swift; path = AuthView.swift; sourceTree = "<group>"; };
		8EC568ED27E0A86C0065E845 /* AuhtViewController.swift */ = {isa = PBXFileReference; lastKnownFileType = sourcecode.swift; path = AuhtViewController.swift; sourceTree = "<group>"; };
		8EC568F027E0AEEF0065E845 /* InputForm.swift */ = {isa = PBXFileReference; lastKnownFileType = sourcecode.swift; path = InputForm.swift; sourceTree = "<group>"; };
		8EC568F227E0AF2C0065E845 /* InputForm + constraints.swift */ = {isa = PBXFileReference; lastKnownFileType = sourcecode.swift; path = "InputForm + constraints.swift"; sourceTree = "<group>"; };
		8EC568F427E0AF5A0065E845 /* SuggestionsListItem.swift */ = {isa = PBXFileReference; lastKnownFileType = sourcecode.swift; path = SuggestionsListItem.swift; sourceTree = "<group>"; };
		8EC568F627E0AF700065E845 /* InputForm + animations.swift */ = {isa = PBXFileReference; lastKnownFileType = sourcecode.swift; path = "InputForm + animations.swift"; sourceTree = "<group>"; };
		8EC568F827E0AF9A0065E845 /* InputForm + UITextFieldDelegate.swift */ = {isa = PBXFileReference; lastKnownFileType = sourcecode.swift; path = "InputForm + UITextFieldDelegate.swift"; sourceTree = "<group>"; };
		8EC568FA27E0AFB30065E845 /* InputFormModel.swift */ = {isa = PBXFileReference; lastKnownFileType = sourcecode.swift; path = InputFormModel.swift; sourceTree = "<group>"; };
		8EC568FE27E0C9FC0065E845 /* FirstViewDataModel.swift */ = {isa = PBXFileReference; lastKnownFileType = sourcecode.swift; path = FirstViewDataModel.swift; sourceTree = "<group>"; };
		8EC5690127E0E5350065E845 /* AuthDataModel.swift */ = {isa = PBXFileReference; lastKnownFileType = sourcecode.swift; path = AuthDataModel.swift; sourceTree = "<group>"; };
		8EC5690427E102A50065E845 /* MainPageDataModel.swift */ = {isa = PBXFileReference; lastKnownFileType = sourcecode.swift; path = MainPageDataModel.swift; sourceTree = "<group>"; };
		8EC5690A27E111200065E845 /* AlertDialogView.swift */ = {isa = PBXFileReference; lastKnownFileType = sourcecode.swift; path = AlertDialogView.swift; sourceTree = "<group>"; };
		8EC5690E27E115880065E845 /* AlertDialogViewController.swift */ = {isa = PBXFileReference; lastKnownFileType = sourcecode.swift; path = AlertDialogViewController.swift; sourceTree = "<group>"; };
		8EC5691427E152090065E845 /* RegistrationScreen.swift */ = {isa = PBXFileReference; lastKnownFileType = sourcecode.swift; path = RegistrationScreen.swift; sourceTree = "<group>"; };
		8EC5691627E152310065E845 /* RegistrationViewController.swift */ = {isa = PBXFileReference; lastKnownFileType = sourcecode.swift; path = RegistrationViewController.swift; sourceTree = "<group>"; };
		8EC5691827E152640065E845 /* RegistrationDataModel.swift */ = {isa = PBXFileReference; lastKnownFileType = sourcecode.swift; path = RegistrationDataModel.swift; sourceTree = "<group>"; };
		8ED8156527ECBDD000226B3E /* EmptyView.swift */ = {isa = PBXFileReference; lastKnownFileType = sourcecode.swift; path = EmptyView.swift; sourceTree = "<group>"; };
		8EFA64E227ECCB9600DB1310 /* FavouritesDataModel.swift */ = {isa = PBXFileReference; lastKnownFileType = sourcecode.swift; path = FavouritesDataModel.swift; sourceTree = "<group>"; };
		8EFC9EDF27F70D3200F098C8 /* UICollectionView + SelectItem.swift */ = {isa = PBXFileReference; lastKnownFileType = sourcecode.swift; path = "UICollectionView + SelectItem.swift"; sourceTree = "<group>"; };
		8EFC9EE127F70D8500F098C8 /* AnimationCollectionViewCellProtocol.swift */ = {isa = PBXFileReference; lastKnownFileType = sourcecode.swift; path = AnimationCollectionViewCellProtocol.swift; sourceTree = "<group>"; };
		8EFC9EE327F70DC000F098C8 /* AnimatorInitCollectionViewFactory.swift */ = {isa = PBXFileReference; lastKnownFileType = sourcecode.swift; path = AnimatorInitCollectionViewFactory.swift; sourceTree = "<group>"; };
		F03B5FB9619743394A737D10 /* Pods_MedicalInstruments.framework */ = {isa = PBXFileReference; explicitFileType = wrapper.framework; includeInIndex = 0; path = Pods_MedicalInstruments.framework; sourceTree = BUILT_PRODUCTS_DIR; };
/* End PBXFileReference section */

/* Begin PBXFrameworksBuildPhase section */
		63BA0BF427D616120025F0A5 /* Frameworks */ = {
			isa = PBXFrameworksBuildPhase;
			buildActionMask = 2147483647;
			files = (
				7FE13D8943D27939E94750CA /* Pods_MedicalInstruments.framework in Frameworks */,
			);
			runOnlyForDeploymentPostprocessing = 0;
		};
/* End PBXFrameworksBuildPhase section */

/* Begin PBXGroup section */
		639C7D4E27D61B0700A40FC2 /* UIButton */ = {
			isa = PBXGroup;
			children = (
				639C7D4F27D61B2300A40FC2 /* Animations.swift */,
			);
			path = UIButton;
			sourceTree = "<group>";
		};
		639C7D5127D61B3200A40FC2 /* UITableView */ = {
			isa = PBXGroup;
			children = (
				639C7D5227D61B4C00A40FC2 /* UITableViewDequeue.swift */,
			);
			path = UITableView;
			sourceTree = "<group>";
		};
		639C7D5427D61B9600A40FC2 /* UICollectionView */ = {
			isa = PBXGroup;
			children = (
				639C7D5527D61BBD00A40FC2 /* UICollectionViewDequeue.swift */,
				8EFC9EDF27F70D3200F098C8 /* UICollectionView + SelectItem.swift */,
			);
			path = UICollectionView;
			sourceTree = "<group>";
		};
		639C7D5727D61BF900A40FC2 /* UIImageView */ = {
			isa = PBXGroup;
			children = (
				639C7D5827D61C0600A40FC2 /* UIImageView.swift */,
			);
			path = UIImageView;
			sourceTree = "<group>";
		};
		639C7D5A27D61C8000A40FC2 /* UISegmentedControl */ = {
			isa = PBXGroup;
			children = (
				639C7D5B27D61C9700A40FC2 /* CustomUISegmentedControl.swift */,
			);
			path = UISegmentedControl;
			sourceTree = "<group>";
		};
		639C7D5D27D61CBE00A40FC2 /* UIStackView */ = {
			isa = PBXGroup;
			children = (
				639C7D5E27D61CD300A40FC2 /* UIStackView.swift */,
			);
			path = UIStackView;
			sourceTree = "<group>";
		};
		639C7D6027D61D1700A40FC2 /* UIAlertController */ = {
			isa = PBXGroup;
			children = (
				639C7D6127D61D3200A40FC2 /* UIAlertControllerCommonInputData.swift */,
				639C7D6327D61D4C00A40FC2 /* InitFromCommonInputData.swift */,
			);
			path = UIAlertController;
			sourceTree = "<group>";
		};
		639C7D6527D61D8700A40FC2 /* UILabel */ = {
			isa = PBXGroup;
			children = (
				639C7D6627D61D9100A40FC2 /* UILabel.swift */,
			);
			path = UILabel;
			sourceTree = "<group>";
		};
		639C7D6827D61DA600A40FC2 /* UIView */ = {
			isa = PBXGroup;
			children = (
				639C7D6927D61DB200A40FC2 /* UIView.swift */,
				639C7D6B27D61DD700A40FC2 /* UIViewHiding.swift */,
				639C7D6D27D61DED00A40FC2 /* UIViewAnimation.swift */,
			);
			path = UIView;
			sourceTree = "<group>";
		};
		639C7D6F27D61E0800A40FC2 /* UIImage */ = {
			isa = PBXGroup;
			children = (
				639C7D7027D61E2000A40FC2 /* UIImage.swift */,
			);
			path = UIImage;
			sourceTree = "<group>";
		};
		639C7D7527D61E8400A40FC2 /* UIViewController */ = {
			isa = PBXGroup;
			children = (
				639C7D7627D61E8F00A40FC2 /* BaseViewController.swift */,
			);
			path = UIViewController;
			sourceTree = "<group>";
		};
		639C7D7827D61F0B00A40FC2 /* FontColorIcon */ = {
			isa = PBXGroup;
			children = (
				639C7D7B27D61F2600A40FC2 /* IconScheme */,
				639C7D7A27D61F1E00A40FC2 /* FontScheme */,
				639C7D7927D61F1700A40FC2 /* ColorScheme */,
			);
			path = FontColorIcon;
			sourceTree = "<group>";
		};
		639C7D7927D61F1700A40FC2 /* ColorScheme */ = {
			isa = PBXGroup;
			children = (
				639C7D7C27D61F3D00A40FC2 /* SchemeColor.swift */,
				639C7D7F27D61F4F00A40FC2 /* BaseColor.swift */,
			);
			path = ColorScheme;
			sourceTree = "<group>";
		};
		639C7D7A27D61F1E00A40FC2 /* FontScheme */ = {
			isa = PBXGroup;
			children = (
				639C7D8127D61F8B00A40FC2 /* BaseFont.swift */,
			);
			path = FontScheme;
			sourceTree = "<group>";
		};
		639C7D7B27D61F2600A40FC2 /* IconScheme */ = {
			isa = PBXGroup;
			children = (
				639C7D8427D61FC900A40FC2 /* AppIcons.swift */,
			);
			path = IconScheme;
			sourceTree = "<group>";
		};
		639C7D8627D6202900A40FC2 /* DI */ = {
			isa = PBXGroup;
			children = (
				639C7D8727D6203100A40FC2 /* DI.swift */,
			);
			path = DI;
			sourceTree = "<group>";
		};
		639C7D8927D620D900A40FC2 /* Coordinator */ = {
			isa = PBXGroup;
			children = (
				639C7D8A27D620EA00A40FC2 /* Coordinator.swift */,
				639C7D8C27D620F500A40FC2 /* RouterProtocol.swift */,
			);
			path = Coordinator;
			sourceTree = "<group>";
		};
		639C7D8E27D6212600A40FC2 /* Coordinators */ = {
			isa = PBXGroup;
			children = (
				639C7D8F27D6213800A40FC2 /* ApplicationCoordinator.swift */,
				639C7D9227D6214B00A40FC2 /* TabCoordinator.swift */,
				639C7D9427D6215D00A40FC2 /* StartCoordinator.swift */,
				639C7DA427D6409500A40FC2 /* MainCoordinator.swift */,
				639C7DA227D6407C00A40FC2 /* ChallengesCoordinator.swift */,
				639C7DA027D6405C00A40FC2 /* FavouritesCoordinator.swift */,
				639C7D9E27D6403E00A40FC2 /* ProfileCoordinator.swift */,
			);
			path = Coordinators;
			sourceTree = "<group>";
		};
		639C7D9627D6218300A40FC2 /* AppDelegate */ = {
			isa = PBXGroup;
			children = (
				63BA0BFA27D616120025F0A5 /* AppDelegate.swift */,
			);
			path = AppDelegate;
			sourceTree = "<group>";
		};
		639C7D9727D63EA300A40FC2 /* LaunchScreen */ = {
			isa = PBXGroup;
			children = (
				639C7D9927D63F8400A40FC2 /* ViewController */,
				639C7D9827D63F7F00A40FC2 /* View */,
			);
			path = LaunchScreen;
			sourceTree = "<group>";
		};
		639C7D9827D63F7F00A40FC2 /* View */ = {
			isa = PBXGroup;
			children = (
				639C7D9A27D63F9B00A40FC2 /* LaunchScreenView.swift */,
			);
			path = View;
			sourceTree = "<group>";
		};
		639C7D9927D63F8400A40FC2 /* ViewController */ = {
			isa = PBXGroup;
			children = (
				639C7D9C27D63FA600A40FC2 /* LaunchScreenViewController.swift */,
			);
			path = ViewController;
			sourceTree = "<group>";
		};
		639C7DA627D642A300A40FC2 /* ProfileScreen */ = {
			isa = PBXGroup;
			children = (
				8EC5691027E151CF0065E845 /* RegistrationScreen */,
				8EC568E827E0A7E90065E845 /* AuthScreen */,
				8EC568E127E09BFC0065E845 /* FirstScreen */,
				8EC568E027E09BE20065E845 /* MainPageProfile */,
			);
			path = ProfileScreen;
			sourceTree = "<group>";
		};
		639C7DA727D642AB00A40FC2 /* FavouritesScreen */ = {
			isa = PBXGroup;
			children = (
				8EFA64E027ECCB4A00DB1310 /* DataModel */,
				639C7DAF27D6440000A40FC2 /* View */,
				639C7DAE27D643FB00A40FC2 /* ViewController */,
			);
			path = FavouritesScreen;
			sourceTree = "<group>";
		};
		639C7DA827D642B300A40FC2 /* ChallengesScreen */ = {
			isa = PBXGroup;
			children = (
				8EC08FC227E5B0CE00F544B2 /* ResultScreen */,
				8E10F69F27DE1EB300EBF12E /* QuizScreen */,
				8E10F68227DA6CAB00EBF12E /* ChangeCategoriesScreen */,
				8E10F68127DA6C8000EBF12E /* ChangeDificultScreen */,
			);
			path = ChallengesScreen;
			sourceTree = "<group>";
		};
		639C7DA927D642BA00A40FC2 /* MainScreen */ = {
			isa = PBXGroup;
			children = (
				8E10F67127D9C46D00EBF12E /* InstrumentsListScreen */,
				8E10F65E27D87AD000EBF12E /* SubcategoryScreen */,
				8E10F65D27D87A9800EBF12E /* CategoryScreen */,
			);
			path = MainScreen;
			sourceTree = "<group>";
		};
		639C7DAA27D643E300A40FC2 /* ViewController */ = {
			isa = PBXGroup;
			children = (
				639C7DB527D6442E00A40FC2 /* MainViewController.swift */,
			);
			path = ViewController;
			sourceTree = "<group>";
		};
		639C7DAB27D643ED00A40FC2 /* View */ = {
			isa = PBXGroup;
			children = (
				8E30EBA327D75700005AE313 /* Cell */,
				639C7DB227D6441400A40FC2 /* MainView.swift */,
			);
			path = View;
			sourceTree = "<group>";
		};
		639C7DAC27D643F100A40FC2 /* ViewController */ = {
			isa = PBXGroup;
			children = (
				639C7DB927D6444400A40FC2 /* ChallengesViewController.swift */,
			);
			path = ViewController;
			sourceTree = "<group>";
		};
		639C7DAD27D643F700A40FC2 /* View */ = {
			isa = PBXGroup;
			children = (
				8E10F67E27DA539200EBF12E /* Cell */,
				639C7DB727D6443900A40FC2 /* ChallengesView.swift */,
			);
			path = View;
			sourceTree = "<group>";
		};
		639C7DAE27D643FB00A40FC2 /* ViewController */ = {
			isa = PBXGroup;
			children = (
				639C7DBD27D6445900A40FC2 /* FavouritesViewController.swift */,
			);
			path = ViewController;
			sourceTree = "<group>";
		};
		639C7DAF27D6440000A40FC2 /* View */ = {
			isa = PBXGroup;
			children = (
				639C7DBB27D6444E00A40FC2 /* FavouritesView.swift */,
				8ED8156527ECBDD000226B3E /* EmptyView.swift */,
			);
			path = View;
			sourceTree = "<group>";
		};
		639C7DB027D6440400A40FC2 /* ViewController */ = {
			isa = PBXGroup;
			children = (
				639C7DC127D6446C00A40FC2 /* ProfileViewController.swift */,
			);
			path = ViewController;
			sourceTree = "<group>";
		};
		639C7DB127D6440900A40FC2 /* View */ = {
			isa = PBXGroup;
			children = (
				8E10F66E27D9BB4700EBF12E /* Cell */,
				639C7DBF27D6446200A40FC2 /* ProfileView.swift */,
				8E10F66827D8E51200EBF12E /* LastResultView.swift */,
				8E10F66C27D9BA3000EBF12E /* TagsCollectionView.swift */,
				8EC08FC827E5B6A700F544B2 /* FirstBanner.swift */,
			);
			path = View;
			sourceTree = "<group>";
		};
		639C7DC327D6531400A40FC2 /* Controllers */ = {
			isa = PBXGroup;
			children = (
				8EC5690627E110B20065E845 /* AllertDialogController */,
				639C7DC527D6532800A40FC2 /* PrettyAlertController */,
			);
			path = Controllers;
			sourceTree = "<group>";
		};
		639C7DC427D6531900A40FC2 /* Elements */ = {
			isa = PBXGroup;
			children = (
				8EC568EF27E0AEDA0065E845 /* InputForm */,
				639C7DCF27D653DD00A40FC2 /* NavigationBar.swift */,
				639C7DD127D6541600A40FC2 /* ImagePreloaderView.swift */,
				639C7DD327D6543300A40FC2 /* FloatingPanel.swift */,
				8E10F66627D87DC000EBF12E /* NavigationBartitle.swift */,
				8E10F66A27D8E8D700EBF12E /* CircularProgressBar.swift */,
			);
			path = Elements;
			sourceTree = "<group>";
		};
		639C7DC527D6532800A40FC2 /* PrettyAlertController */ = {
			isa = PBXGroup;
			children = (
				639C7DC827D6534100A40FC2 /* DataModel */,
				639C7DC727D6533B00A40FC2 /* Controller */,
				639C7DC627D6533700A40FC2 /* View */,
			);
			path = PrettyAlertController;
			sourceTree = "<group>";
		};
		639C7DC627D6533700A40FC2 /* View */ = {
			isa = PBXGroup;
			children = (
				639C7DC927D6535100A40FC2 /* PrettyAlertView.swift */,
			);
			path = View;
			sourceTree = "<group>";
		};
		639C7DC727D6533B00A40FC2 /* Controller */ = {
			isa = PBXGroup;
			children = (
				639C7DCB27D6535F00A40FC2 /* PrettyAlertController.swift */,
			);
			path = Controller;
			sourceTree = "<group>";
		};
		639C7DC827D6534100A40FC2 /* DataModel */ = {
			isa = PBXGroup;
			children = (
				639C7DCD27D6536F00A40FC2 /* PrettyAlertDataModel.swift */,
			);
			path = DataModel;
			sourceTree = "<group>";
		};
		63BA0BEE27D616120025F0A5 = {
			isa = PBXGroup;
			children = (
				63BA0BF927D616120025F0A5 /* MedicalInstruments */,
				63BA0BF827D616120025F0A5 /* Products */,
				DF4DB25E5B267FCC0FDBC92B /* Pods */,
				73A9654E2EC111B1CFDE01FF /* Frameworks */,
			);
			sourceTree = "<group>";
		};
		63BA0BF827D616120025F0A5 /* Products */ = {
			isa = PBXGroup;
			children = (
				63BA0BF727D616120025F0A5 /* MedicalInstruments.app */,
			);
			name = Products;
			sourceTree = "<group>";
		};
		63BA0BF927D616120025F0A5 /* MedicalInstruments */ = {
			isa = PBXGroup;
			children = (
				8E10F68F27DB926000EBF12E /* ApiProviders */,
				63BA0C1027D616D00025F0A5 /* StartpackProject */,
				63BA0C0E27D616C00025F0A5 /* UI */,
				63BA0C0327D616130025F0A5 /* Assets.xcassets */,
				63BA0C0527D616130025F0A5 /* LaunchScreen.storyboard */,
				63BA0C0827D616130025F0A5 /* Info.plist */,
			);
			path = MedicalInstruments;
			sourceTree = "<group>";
		};
		63BA0C0E27D616C00025F0A5 /* UI */ = {
			isa = PBXGroup;
			children = (
				63BA0C1227D617130025F0A5 /* HelperUI */,
				63BA0C1127D6170E0025F0A5 /* Screens */,
			);
			path = UI;
			sourceTree = "<group>";
		};
		63BA0C1027D616D00025F0A5 /* StartpackProject */ = {
			isa = PBXGroup;
			children = (
				639C7D9627D6218300A40FC2 /* AppDelegate */,
				639C7D8E27D6212600A40FC2 /* Coordinators */,
				639C7D8927D620D900A40FC2 /* Coordinator */,
				639C7D8627D6202900A40FC2 /* DI */,
				639C7D7827D61F0B00A40FC2 /* FontColorIcon */,
				63BA0C2527D618E60025F0A5 /* Library */,
				63BA0C1627D617760025F0A5 /* Network */,
				63BA0C1327D617480025F0A5 /* TabBar */,
			);
			path = StartpackProject;
			sourceTree = "<group>";
		};
		63BA0C1127D6170E0025F0A5 /* Screens */ = {
			isa = PBXGroup;
			children = (
				639C7DA927D642BA00A40FC2 /* MainScreen */,
				639C7DA827D642B300A40FC2 /* ChallengesScreen */,
				639C7DA727D642AB00A40FC2 /* FavouritesScreen */,
				639C7DA627D642A300A40FC2 /* ProfileScreen */,
				639C7D9727D63EA300A40FC2 /* LaunchScreen */,
			);
			path = Screens;
			sourceTree = "<group>";
		};
		63BA0C1227D617130025F0A5 /* HelperUI */ = {
			isa = PBXGroup;
			children = (
				639C7DC427D6531900A40FC2 /* Elements */,
				639C7DC327D6531400A40FC2 /* Controllers */,
			);
			path = HelperUI;
			sourceTree = "<group>";
		};
		63BA0C1327D617480025F0A5 /* TabBar */ = {
			isa = PBXGroup;
			children = (
				63BA0C1427D617580025F0A5 /* TabBarController.swift */,
			);
			path = TabBar;
			sourceTree = "<group>";
		};
		63BA0C1627D617760025F0A5 /* Network */ = {
			isa = PBXGroup;
			children = (
				63BA0C1827D617840025F0A5 /* Configuration */,
				63BA0C1727D6177C0025F0A5 /* APIClient */,
			);
			path = Network;
			sourceTree = "<group>";
		};
		63BA0C1727D6177C0025F0A5 /* APIClient */ = {
			isa = PBXGroup;
			children = (
				63BA0C1A27D617A60025F0A5 /* RequestBuilderImpl.swift */,
				63BA0C1C27D617B50025F0A5 /* APIClient.swift */,
				63BA0C1F27D617CA0025F0A5 /* APIError.swift */,
			);
			path = APIClient;
			sourceTree = "<group>";
		};
		63BA0C1827D617840025F0A5 /* Configuration */ = {
			isa = PBXGroup;
			children = (
				63BA0C2127D6188A0025F0A5 /* ConfigurationProtocol.swift */,
				63BA0C2327D618970025F0A5 /* SessionConfigurationProtocol.swift */,
			);
			path = Configuration;
			sourceTree = "<group>";
		};
		63BA0C2527D618E60025F0A5 /* Library */ = {
			isa = PBXGroup;
			children = (
				63BA0C2A27D6190F0025F0A5 /* Foundation */,
				63BA0C2927D619080025F0A5 /* UIKit */,
				63BA0C2827D619010025F0A5 /* UIViewAnimation */,
				63BA0C2727D618F90025F0A5 /* Fonts */,
				63BA0C2627D618F20025F0A5 /* KeyChain */,
			);
			path = Library;
			sourceTree = "<group>";
		};
		63BA0C2627D618F20025F0A5 /* KeyChain */ = {
			isa = PBXGroup;
			children = (
				63BA0C2B27D619260025F0A5 /* KeyChainService.swift */,
			);
			path = KeyChain;
			sourceTree = "<group>";
		};
		63BA0C2727D618F90025F0A5 /* Fonts */ = {
			isa = PBXGroup;
			children = (
				63BA0C2E27D619B50025F0A5 /* SFProDisplay-Bold.ttf */,
				63BA0C2F27D619B50025F0A5 /* SFProDisplay-Medium.ttf */,
				63BA0C2D27D619B50025F0A5 /* SFProDisplay-Regular.ttf */,
				63BA0C3027D619B50025F0A5 /* SFProDisplay-Semibold.ttf */,
			);
			path = Fonts;
			sourceTree = "<group>";
		};
		63BA0C2827D619010025F0A5 /* UIViewAnimation */ = {
			isa = PBXGroup;
			children = (
				63BA0C3127D619FC0025F0A5 /* TabBarTransitions.swift */,
				8EFC9EE127F70D8500F098C8 /* AnimationCollectionViewCellProtocol.swift */,
				8EFC9EE327F70DC000F098C8 /* AnimatorInitCollectionViewFactory.swift */,
			);
			path = UIViewAnimation;
			sourceTree = "<group>";
		};
		63BA0C2927D619080025F0A5 /* UIKit */ = {
			isa = PBXGroup;
			children = (
				639C7D7527D61E8400A40FC2 /* UIViewController */,
				639C7D6F27D61E0800A40FC2 /* UIImage */,
				639C7D6827D61DA600A40FC2 /* UIView */,
				639C7D6527D61D8700A40FC2 /* UILabel */,
				639C7D6027D61D1700A40FC2 /* UIAlertController */,
				639C7D5D27D61CBE00A40FC2 /* UIStackView */,
				639C7D5A27D61C8000A40FC2 /* UISegmentedControl */,
				639C7D5727D61BF900A40FC2 /* UIImageView */,
				639C7D5427D61B9600A40FC2 /* UICollectionView */,
				639C7D5127D61B3200A40FC2 /* UITableView */,
				639C7D4E27D61B0700A40FC2 /* UIButton */,
			);
			path = UIKit;
			sourceTree = "<group>";
		};
		63BA0C2A27D6190F0025F0A5 /* Foundation */ = {
			isa = PBXGroup;
			children = (
				639C7D7327D61E6500A40FC2 /* Types.swift */,
			);
			path = Foundation;
			sourceTree = "<group>";
		};
		73A9654E2EC111B1CFDE01FF /* Frameworks */ = {
			isa = PBXGroup;
			children = (
				F03B5FB9619743394A737D10 /* Pods_MedicalInstruments.framework */,
			);
			name = Frameworks;
			sourceTree = "<group>";
		};
		8E10F65D27D87A9800EBF12E /* CategoryScreen */ = {
			isa = PBXGroup;
			children = (
				8E30EBA627D761F9005AE313 /* DataModel */,
				639C7DAA27D643E300A40FC2 /* ViewController */,
				639C7DAB27D643ED00A40FC2 /* View */,
			);
			path = CategoryScreen;
			sourceTree = "<group>";
		};
		8E10F65E27D87AD000EBF12E /* SubcategoryScreen */ = {
			isa = PBXGroup;
			children = (
				8E10F67B27D9D0CF00EBF12E /* DataModel */,
				8E10F66127D87AF700EBF12E /* ViewController */,
				8E10F66027D87AF100EBF12E /* View */,
			);
			path = SubcategoryScreen;
			sourceTree = "<group>";
		};
		8E10F66027D87AF100EBF12E /* View */ = {
			isa = PBXGroup;
			children = (
				8E10F66227D87B4A00EBF12E /* SubcategoriesView.swift */,
			);
			path = View;
			sourceTree = "<group>";
		};
		8E10F66127D87AF700EBF12E /* ViewController */ = {
			isa = PBXGroup;
			children = (
				8E10F66427D87B5B00EBF12E /* SubcategoriesViewController.swift */,
			);
			path = ViewController;
			sourceTree = "<group>";
		};
		8E10F66E27D9BB4700EBF12E /* Cell */ = {
			isa = PBXGroup;
			children = (
				8E10F66F27D9BB6200EBF12E /* TagsCollectionViewCell.swift */,
			);
			path = Cell;
			sourceTree = "<group>";
		};
		8E10F67127D9C46D00EBF12E /* InstrumentsListScreen */ = {
			isa = PBXGroup;
			children = (
				8EC08FCF27EC8CA900F544B2 /* DataModel */,
				8E10F67327D9C55600EBF12E /* ViewController */,
				8E10F67227D9C54F00EBF12E /* View */,
			);
			path = InstrumentsListScreen;
			sourceTree = "<group>";
		};
		8E10F67227D9C54F00EBF12E /* View */ = {
			isa = PBXGroup;
			children = (
				8E10F67827D9C5DE00EBF12E /* Cell */,
				8E10F67427D9C57800EBF12E /* InstrumentListView.swift */,
			);
			path = View;
			sourceTree = "<group>";
		};
		8E10F67327D9C55600EBF12E /* ViewController */ = {
			isa = PBXGroup;
			children = (
				8E10F67627D9C59700EBF12E /* InstrumentListViewController.swift */,
			);
			path = ViewController;
			sourceTree = "<group>";
		};
		8E10F67827D9C5DE00EBF12E /* Cell */ = {
			isa = PBXGroup;
			children = (
				8E10F67927D9C5FF00EBF12E /* InstrumentTableViewCell.swift */,
			);
			path = Cell;
			sourceTree = "<group>";
		};
		8E10F67B27D9D0CF00EBF12E /* DataModel */ = {
			isa = PBXGroup;
			children = (
				8E10F67C27D9D0E700EBF12E /* SubcategoriesDataModel.swift */,
			);
			path = DataModel;
			sourceTree = "<group>";
		};
		8E10F67E27DA539200EBF12E /* Cell */ = {
			isa = PBXGroup;
			children = (
				8E10F67F27DA53AA00EBF12E /* DificultCell.swift */,
			);
			path = Cell;
			sourceTree = "<group>";
		};
		8E10F68127DA6C8000EBF12E /* ChangeDificultScreen */ = {
			isa = PBXGroup;
			children = (
				8E10F68C27DB7D5700EBF12E /* DataModel */,
				639C7DAD27D643F700A40FC2 /* View */,
				639C7DAC27D643F100A40FC2 /* ViewController */,
			);
			path = ChangeDificultScreen;
			sourceTree = "<group>";
		};
		8E10F68227DA6CAB00EBF12E /* ChangeCategoriesScreen */ = {
			isa = PBXGroup;
			children = (
				8E10F6A627DE2B8100EBF12E /* DataModel */,
				8E10F68427DA6CC800EBF12E /* ViewController */,
				8E10F68327DA6CC200EBF12E /* View */,
			);
			path = ChangeCategoriesScreen;
			sourceTree = "<group>";
		};
		8E10F68327DA6CC200EBF12E /* View */ = {
			isa = PBXGroup;
			children = (
				8E10F68927DB6F7100EBF12E /* Cell */,
				8E10F68527DA6D4500EBF12E /* ChangeCategoriesView.swift */,
			);
			path = View;
			sourceTree = "<group>";
		};
		8E10F68427DA6CC800EBF12E /* ViewController */ = {
			isa = PBXGroup;
			children = (
				8E10F68727DA6D8E00EBF12E /* ChangeCategoriesViewController.swift */,
			);
			path = ViewController;
			sourceTree = "<group>";
		};
		8E10F68927DB6F7100EBF12E /* Cell */ = {
			isa = PBXGroup;
			children = (
				8E10F68A27DB6F8E00EBF12E /* ChangeCategoriesCell.swift */,
			);
			path = Cell;
			sourceTree = "<group>";
		};
		8E10F68C27DB7D5700EBF12E /* DataModel */ = {
			isa = PBXGroup;
			children = (
				8E10F68D27DB7D7700EBF12E /* ChalengesViewDataModel.swift */,
			);
			path = DataModel;
			sourceTree = "<group>";
		};
		8E10F68F27DB926000EBF12E /* ApiProviders */ = {
			isa = PBXGroup;
			children = (
				8E10F69027DB926A00EBF12E /* CatalogProvider */,
			);
			path = ApiProviders;
			sourceTree = "<group>";
		};
		8E10F69027DB926A00EBF12E /* CatalogProvider */ = {
			isa = PBXGroup;
			children = (
				8E10F69C27DB955600EBF12E /* Povider */,
				8E10F69927DB94C400EBF12E /* Service */,
				8E10F69627DB938400EBF12E /* ApiClient */,
				8E10F69127DB927800EBF12E /* Entitty */,
			);
			path = CatalogProvider;
			sourceTree = "<group>";
		};
		8E10F69127DB927800EBF12E /* Entitty */ = {
			isa = PBXGroup;
			children = (
				8E10F69227DB929600EBF12E /* CatalogProviderRequestParam.swift */,
				8E10F69427DB92F300EBF12E /* getInstrumentsByTypeResponse.swift */,
			);
			path = Entitty;
			sourceTree = "<group>";
		};
		8E10F69627DB938400EBF12E /* ApiClient */ = {
			isa = PBXGroup;
			children = (
				8E10F69727DB93B100EBF12E /* CatalogClient.swift */,
			);
			path = ApiClient;
			sourceTree = "<group>";
		};
		8E10F69927DB94C400EBF12E /* Service */ = {
			isa = PBXGroup;
			children = (
				8E10F69A27DB94D900EBF12E /* CatalogService.swift */,
			);
			path = Service;
			sourceTree = "<group>";
		};
		8E10F69C27DB955600EBF12E /* Povider */ = {
			isa = PBXGroup;
			children = (
				8E10F69D27DB959500EBF12E /* CatalogProvider.swift */,
			);
			path = Povider;
			sourceTree = "<group>";
		};
		8E10F69F27DE1EB300EBF12E /* QuizScreen */ = {
			isa = PBXGroup;
			children = (
				8EC08FBF27E5A66000F544B2 /* DataModel */,
				8E10F6A127DE1EF200EBF12E /* ViewController */,
				8E10F6A027DE1EED00EBF12E /* View */,
			);
			path = QuizScreen;
			sourceTree = "<group>";
		};
		8E10F6A027DE1EED00EBF12E /* View */ = {
			isa = PBXGroup;
			children = (
				8E10F6A227DE1F0800EBF12E /* QuizVeiw.swift */,
			);
			path = View;
			sourceTree = "<group>";
		};
		8E10F6A127DE1EF200EBF12E /* ViewController */ = {
			isa = PBXGroup;
			children = (
				8E10F6A427DE1F2500EBF12E /* QuizViewController.swift */,
			);
			path = ViewController;
			sourceTree = "<group>";
		};
		8E10F6A627DE2B8100EBF12E /* DataModel */ = {
			isa = PBXGroup;
			children = (
				8E10F6A727DE2B9D00EBF12E /* ChangeCategoriesDataModel.swift */,
			);
			path = DataModel;
			sourceTree = "<group>";
		};
		8E30EBA327D75700005AE313 /* Cell */ = {
			isa = PBXGroup;
			children = (
				8E30EBA427D75715005AE313 /* MainCollectionViewCell.swift */,
			);
			path = Cell;
			sourceTree = "<group>";
		};
		8E30EBA627D761F9005AE313 /* DataModel */ = {
			isa = PBXGroup;
			children = (
				8E30EBA927D76220005AE313 /* MainDataModel.swift */,
			);
			path = DataModel;
			sourceTree = "<group>";
		};
		8EC08FBF27E5A66000F544B2 /* DataModel */ = {
			isa = PBXGroup;
			children = (
				8EC08FC027E5A6C400F544B2 /* QuizDataModel.swift */,
			);
			path = DataModel;
			sourceTree = "<group>";
		};
		8EC08FC227E5B0CE00F544B2 /* ResultScreen */ = {
			isa = PBXGroup;
			children = (
				8EC08FC527E5B0E600F544B2 /* DataModel */,
				8EC08FC427E5B0DF00F544B2 /* ViewController */,
				8EC08FC327E5B0DB00F544B2 /* View */,
			);
			path = ResultScreen;
			sourceTree = "<group>";
		};
		8EC08FC327E5B0DB00F544B2 /* View */ = {
			isa = PBXGroup;
			children = (
				8EC08FC627E5B10400F544B2 /* QuizResultView.swift */,
			);
			path = View;
			sourceTree = "<group>";
		};
		8EC08FC427E5B0DF00F544B2 /* ViewController */ = {
			isa = PBXGroup;
			children = (
				8EC08FCA27E5C1B700F544B2 /* ResultScreenViewController.swift */,
			);
			path = ViewController;
			sourceTree = "<group>";
		};
		8EC08FC527E5B0E600F544B2 /* DataModel */ = {
			isa = PBXGroup;
			children = (
				8EC08FCD27E5C4C700F544B2 /* ResultDataModel.swift */,
			);
			path = DataModel;
			sourceTree = "<group>";
		};
		8EC08FCF27EC8CA900F544B2 /* DataModel */ = {
			isa = PBXGroup;
			children = (
				8EC08FD027EC8CBE00F544B2 /* InstrumentListDataModel.swift */,
			);
			path = DataModel;
			sourceTree = "<group>";
		};
		8EC568E027E09BE20065E845 /* MainPageProfile */ = {
			isa = PBXGroup;
			children = (
				8EC5690327E102890065E845 /* DataModel */,
				639C7DB127D6440900A40FC2 /* View */,
				639C7DB027D6440400A40FC2 /* ViewController */,
			);
			path = MainPageProfile;
			sourceTree = "<group>";
		};
		8EC568E127E09BFC0065E845 /* FirstScreen */ = {
			isa = PBXGroup;
			children = (
				8EC568FD27E0C9E70065E845 /* DataModel */,
				8EC568E327E09C120065E845 /* ViewController */,
				8EC568E227E09C0D0065E845 /* View */,
			);
			path = FirstScreen;
			sourceTree = "<group>";
		};
		8EC568E227E09C0D0065E845 /* View */ = {
			isa = PBXGroup;
			children = (
				8EC568E427E09C310065E845 /* FirstView.swift */,
			);
			path = View;
			sourceTree = "<group>";
		};
		8EC568E327E09C120065E845 /* ViewController */ = {
			isa = PBXGroup;
			children = (
				8EC568E627E09C570065E845 /* FirstViewController.swift */,
			);
			path = ViewController;
			sourceTree = "<group>";
		};
		8EC568E827E0A7E90065E845 /* AuthScreen */ = {
			isa = PBXGroup;
			children = (
				8EC5690027E0E5230065E845 /* DataModel */,
				8EC568EA27E0A7FA0065E845 /* ViewController */,
				8EC568E927E0A7F50065E845 /* View */,
			);
			path = AuthScreen;
			sourceTree = "<group>";
		};
		8EC568E927E0A7F50065E845 /* View */ = {
			isa = PBXGroup;
			children = (
				8EC568EB27E0A81C0065E845 /* AuthView.swift */,
			);
			path = View;
			sourceTree = "<group>";
		};
		8EC568EA27E0A7FA0065E845 /* ViewController */ = {
			isa = PBXGroup;
			children = (
				8EC568ED27E0A86C0065E845 /* AuhtViewController.swift */,
			);
			path = ViewController;
			sourceTree = "<group>";
		};
		8EC568EF27E0AEDA0065E845 /* InputForm */ = {
			isa = PBXGroup;
			children = (
				8EC568F027E0AEEF0065E845 /* InputForm.swift */,
				8EC568F227E0AF2C0065E845 /* InputForm + constraints.swift */,
				8EC568F427E0AF5A0065E845 /* SuggestionsListItem.swift */,
				8EC568F627E0AF700065E845 /* InputForm + animations.swift */,
				8EC568F827E0AF9A0065E845 /* InputForm + UITextFieldDelegate.swift */,
				8EC568FA27E0AFB30065E845 /* InputFormModel.swift */,
			);
			path = InputForm;
			sourceTree = "<group>";
		};
		8EC568FD27E0C9E70065E845 /* DataModel */ = {
			isa = PBXGroup;
			children = (
				8EC568FE27E0C9FC0065E845 /* FirstViewDataModel.swift */,
			);
			path = DataModel;
			sourceTree = "<group>";
		};
		8EC5690027E0E5230065E845 /* DataModel */ = {
			isa = PBXGroup;
			children = (
				8EC5690127E0E5350065E845 /* AuthDataModel.swift */,
			);
			path = DataModel;
			sourceTree = "<group>";
		};
		8EC5690327E102890065E845 /* DataModel */ = {
			isa = PBXGroup;
			children = (
				8EC5690427E102A50065E845 /* MainPageDataModel.swift */,
			);
			path = DataModel;
			sourceTree = "<group>";
		};
		8EC5690627E110B20065E845 /* AllertDialogController */ = {
			isa = PBXGroup;
			children = (
				8EC5690827E110E30065E845 /* ViewController */,
				8EC5690727E110DF0065E845 /* View */,
			);
			path = AllertDialogController;
			sourceTree = "<group>";
		};
		8EC5690727E110DF0065E845 /* View */ = {
			isa = PBXGroup;
			children = (
				8EC5690A27E111200065E845 /* AlertDialogView.swift */,
			);
			path = View;
			sourceTree = "<group>";
		};
		8EC5690827E110E30065E845 /* ViewController */ = {
			isa = PBXGroup;
			children = (
				8EC5690E27E115880065E845 /* AlertDialogViewController.swift */,
			);
			path = ViewController;
			sourceTree = "<group>";
		};
		8EC5691027E151CF0065E845 /* RegistrationScreen */ = {
			isa = PBXGroup;
			children = (
				8EC5691327E151EA0065E845 /* DataModel */,
				8EC5691227E151E00065E845 /* ViewController */,
				8EC5691127E151DB0065E845 /* View */,
			);
			path = RegistrationScreen;
			sourceTree = "<group>";
		};
		8EC5691127E151DB0065E845 /* View */ = {
			isa = PBXGroup;
			children = (
				8EC5691427E152090065E845 /* RegistrationScreen.swift */,
			);
			path = View;
			sourceTree = "<group>";
		};
		8EC5691227E151E00065E845 /* ViewController */ = {
			isa = PBXGroup;
			children = (
				8EC5691627E152310065E845 /* RegistrationViewController.swift */,
			);
			path = ViewController;
			sourceTree = "<group>";
		};
		8EC5691327E151EA0065E845 /* DataModel */ = {
			isa = PBXGroup;
			children = (
				8EC5691827E152640065E845 /* RegistrationDataModel.swift */,
			);
			path = DataModel;
			sourceTree = "<group>";
		};
		8EFA64E027ECCB4A00DB1310 /* DataModel */ = {
			isa = PBXGroup;
			children = (
				8EFA64E227ECCB9600DB1310 /* FavouritesDataModel.swift */,
			);
			path = DataModel;
			sourceTree = "<group>";
		};
		DF4DB25E5B267FCC0FDBC92B /* Pods */ = {
			isa = PBXGroup;
			children = (
				456839DD83B80AD68B109B2F /* Pods-MedicalInstruments.debug.xcconfig */,
				7EA21EDF9699ABE43310B597 /* Pods-MedicalInstruments.release.xcconfig */,
			);
			path = Pods;
			sourceTree = "<group>";
		};
/* End PBXGroup section */

/* Begin PBXNativeTarget section */
		63BA0BF627D616120025F0A5 /* MedicalInstruments */ = {
			isa = PBXNativeTarget;
			buildConfigurationList = 63BA0C0B27D616130025F0A5 /* Build configuration list for PBXNativeTarget "MedicalInstruments" */;
			buildPhases = (
				2A877E0E5EED8C7845AE35A4 /* [CP] Check Pods Manifest.lock */,
				63BA0BF327D616120025F0A5 /* Sources */,
				63BA0BF427D616120025F0A5 /* Frameworks */,
				63BA0BF527D616120025F0A5 /* Resources */,
				7F6B2419F0EBC7A9B0EA8181 /* [CP] Embed Pods Frameworks */,
			);
			buildRules = (
			);
			dependencies = (
			);
			name = MedicalInstruments;
			productName = MedicalInstruments;
			productReference = 63BA0BF727D616120025F0A5 /* MedicalInstruments.app */;
			productType = "com.apple.product-type.application";
		};
/* End PBXNativeTarget section */

/* Begin PBXProject section */
		63BA0BEF27D616120025F0A5 /* Project object */ = {
			isa = PBXProject;
			attributes = {
				BuildIndependentTargetsInParallel = 1;
				LastSwiftUpdateCheck = 1320;
				LastUpgradeCheck = 1320;
				TargetAttributes = {
					63BA0BF627D616120025F0A5 = {
						CreatedOnToolsVersion = 13.2.1;
					};
				};
			};
			buildConfigurationList = 63BA0BF227D616120025F0A5 /* Build configuration list for PBXProject "MedicalInstruments" */;
			compatibilityVersion = "Xcode 13.0";
			developmentRegion = en;
			hasScannedForEncodings = 0;
			knownRegions = (
				en,
				Base,
			);
			mainGroup = 63BA0BEE27D616120025F0A5;
			productRefGroup = 63BA0BF827D616120025F0A5 /* Products */;
			projectDirPath = "";
			projectRoot = "";
			targets = (
				63BA0BF627D616120025F0A5 /* MedicalInstruments */,
			);
		};
/* End PBXProject section */

/* Begin PBXResourcesBuildPhase section */
		63BA0BF527D616120025F0A5 /* Resources */ = {
			isa = PBXResourcesBuildPhase;
			buildActionMask = 2147483647;
			files = (
				6319B52A27D88DB5007C236E /* SFProDisplay-Bold.ttf in Resources */,
				6319B52D27D88DBD007C236E /* SFProDisplay-Semibold.ttf in Resources */,
				6319B52B27D88DB7007C236E /* SFProDisplay-Medium.ttf in Resources */,
				63BA0C0727D616130025F0A5 /* LaunchScreen.storyboard in Resources */,
				6319B52C27D88DBA007C236E /* SFProDisplay-Regular.ttf in Resources */,
				63BA0C0427D616130025F0A5 /* Assets.xcassets in Resources */,
			);
			runOnlyForDeploymentPostprocessing = 0;
		};
/* End PBXResourcesBuildPhase section */

/* Begin PBXShellScriptBuildPhase section */
		2A877E0E5EED8C7845AE35A4 /* [CP] Check Pods Manifest.lock */ = {
			isa = PBXShellScriptBuildPhase;
			buildActionMask = 2147483647;
			files = (
			);
			inputFileListPaths = (
			);
			inputPaths = (
				"${PODS_PODFILE_DIR_PATH}/Podfile.lock",
				"${PODS_ROOT}/Manifest.lock",
			);
			name = "[CP] Check Pods Manifest.lock";
			outputFileListPaths = (
			);
			outputPaths = (
				"$(DERIVED_FILE_DIR)/Pods-MedicalInstruments-checkManifestLockResult.txt",
			);
			runOnlyForDeploymentPostprocessing = 0;
			shellPath = /bin/sh;
			shellScript = "diff \"${PODS_PODFILE_DIR_PATH}/Podfile.lock\" \"${PODS_ROOT}/Manifest.lock\" > /dev/null\nif [ $? != 0 ] ; then\n    # print error to STDERR\n    echo \"error: The sandbox is not in sync with the Podfile.lock. Run 'pod install' or update your CocoaPods installation.\" >&2\n    exit 1\nfi\n# This output is used by Xcode 'outputs' to avoid re-running this script phase.\necho \"SUCCESS\" > \"${SCRIPT_OUTPUT_FILE_0}\"\n";
			showEnvVarsInLog = 0;
		};
		7F6B2419F0EBC7A9B0EA8181 /* [CP] Embed Pods Frameworks */ = {
			isa = PBXShellScriptBuildPhase;
			buildActionMask = 2147483647;
			files = (
			);
			inputFileListPaths = (
				"${PODS_ROOT}/Target Support Files/Pods-MedicalInstruments/Pods-MedicalInstruments-frameworks-${CONFIGURATION}-input-files.xcfilelist",
			);
			name = "[CP] Embed Pods Frameworks";
			outputFileListPaths = (
				"${PODS_ROOT}/Target Support Files/Pods-MedicalInstruments/Pods-MedicalInstruments-frameworks-${CONFIGURATION}-output-files.xcfilelist",
			);
			runOnlyForDeploymentPostprocessing = 0;
			shellPath = /bin/sh;
			shellScript = "\"${PODS_ROOT}/Target Support Files/Pods-MedicalInstruments/Pods-MedicalInstruments-frameworks.sh\"\n";
			showEnvVarsInLog = 0;
		};
/* End PBXShellScriptBuildPhase section */

/* Begin PBXSourcesBuildPhase section */
		63BA0BF327D616120025F0A5 /* Sources */ = {
			isa = PBXSourcesBuildPhase;
			buildActionMask = 2147483647;
			files = (
				8E10F68627DA6D4600EBF12E /* ChangeCategoriesView.swift in Sources */,
				8EC568F727E0AF700065E845 /* InputForm + animations.swift in Sources */,
				8E10F6A827DE2B9D00EBF12E /* ChangeCategoriesDataModel.swift in Sources */,
				639C7D9D27D63FA600A40FC2 /* LaunchScreenViewController.swift in Sources */,
				8EC568F127E0AEEF0065E845 /* InputForm.swift in Sources */,
				8EC08FCE27E5C4C700F544B2 /* ResultDataModel.swift in Sources */,
				8EC568FF27E0C9FC0065E845 /* FirstViewDataModel.swift in Sources */,
				639C7D6A27D61DB200A40FC2 /* UIView.swift in Sources */,
				639C7DD427D6543300A40FC2 /* FloatingPanel.swift in Sources */,
				8EFC9EE427F70DC000F098C8 /* AnimatorInitCollectionViewFactory.swift in Sources */,
				639C7D5627D61BBD00A40FC2 /* UICollectionViewDequeue.swift in Sources */,
				639C7D8D27D620F500A40FC2 /* RouterProtocol.swift in Sources */,
				8E10F68027DA53AA00EBF12E /* DificultCell.swift in Sources */,
				639C7DC027D6446200A40FC2 /* ProfileView.swift in Sources */,
				639C7D6427D61D4C00A40FC2 /* InitFromCommonInputData.swift in Sources */,
				8E10F6A327DE1F0900EBF12E /* QuizVeiw.swift in Sources */,
				8E10F66527D87B5B00EBF12E /* SubcategoriesViewController.swift in Sources */,
				8EC5690227E0E5350065E845 /* AuthDataModel.swift in Sources */,
				8E30EBA527D75715005AE313 /* MainCollectionViewCell.swift in Sources */,
				8E10F69827DB93B100EBF12E /* CatalogClient.swift in Sources */,
				639C7DC227D6446C00A40FC2 /* ProfileViewController.swift in Sources */,
				639C7D9327D6214B00A40FC2 /* TabCoordinator.swift in Sources */,
				639C7D7427D61E6500A40FC2 /* Types.swift in Sources */,
				8E10F69B27DB94D900EBF12E /* CatalogService.swift in Sources */,
				8EC568F327E0AF2C0065E845 /* InputForm + constraints.swift in Sources */,
				63BA0C1527D617580025F0A5 /* TabBarController.swift in Sources */,
				8E10F68E27DB7D7700EBF12E /* ChalengesViewDataModel.swift in Sources */,
				8E10F67D27D9D0E700EBF12E /* SubcategoriesDataModel.swift in Sources */,
				8E10F66927D8E51200EBF12E /* LastResultView.swift in Sources */,
				639C7D5927D61C0600A40FC2 /* UIImageView.swift in Sources */,
				63BA0C1B27D617A60025F0A5 /* RequestBuilderImpl.swift in Sources */,
				8EC5690527E102A50065E845 /* MainPageDataModel.swift in Sources */,
				8E10F67027D9BB6200EBF12E /* TagsCollectionViewCell.swift in Sources */,
				8EC08FC127E5A6C400F544B2 /* QuizDataModel.swift in Sources */,
				8E10F69E27DB959500EBF12E /* CatalogProvider.swift in Sources */,
				639C7D8227D61F8B00A40FC2 /* BaseFont.swift in Sources */,
				8EFA64E327ECCB9600DB1310 /* FavouritesDataModel.swift in Sources */,
				8EC5690F27E115880065E845 /* AlertDialogViewController.swift in Sources */,
				8E10F66D27D9BA3000EBF12E /* TagsCollectionView.swift in Sources */,
				8EC568EE27E0A86C0065E845 /* AuhtViewController.swift in Sources */,
				639C7D8827D6203100A40FC2 /* DI.swift in Sources */,
				639C7D9527D6215D00A40FC2 /* StartCoordinator.swift in Sources */,
				63BA0C2C27D619260025F0A5 /* KeyChainService.swift in Sources */,
				639C7DCE27D6536F00A40FC2 /* PrettyAlertDataModel.swift in Sources */,
				639C7DD227D6541600A40FC2 /* ImagePreloaderView.swift in Sources */,
				8EC08FC727E5B10400F544B2 /* QuizResultView.swift in Sources */,
				8EFC9EE227F70D8500F098C8 /* AnimationCollectionViewCellProtocol.swift in Sources */,
				8E10F68B27DB6F8E00EBF12E /* ChangeCategoriesCell.swift in Sources */,
				8EC568E527E09C310065E845 /* FirstView.swift in Sources */,
				639C7D6727D61D9100A40FC2 /* UILabel.swift in Sources */,
				8EC568EC27E0A81C0065E845 /* AuthView.swift in Sources */,
				8EC08FC927E5B6A700F544B2 /* FirstBanner.swift in Sources */,
				8E10F6A527DE1F2500EBF12E /* QuizViewController.swift in Sources */,
				8E10F66327D87B4A00EBF12E /* SubcategoriesView.swift in Sources */,
				639C7DCA27D6535100A40FC2 /* PrettyAlertView.swift in Sources */,
				639C7DCC27D6535F00A40FC2 /* PrettyAlertController.swift in Sources */,
				639C7DA327D6407C00A40FC2 /* ChallengesCoordinator.swift in Sources */,
				63BA0C2227D6188A0025F0A5 /* ConfigurationProtocol.swift in Sources */,
				8EC568E727E09C570065E845 /* FirstViewController.swift in Sources */,
				63BA0C1D27D617B50025F0A5 /* APIClient.swift in Sources */,
				639C7D7D27D61F3D00A40FC2 /* SchemeColor.swift in Sources */,
				639C7DB327D6441400A40FC2 /* MainView.swift in Sources */,
				639C7D5327D61B4C00A40FC2 /* UITableViewDequeue.swift in Sources */,
				639C7DB627D6442E00A40FC2 /* MainViewController.swift in Sources */,
				8ED8156627ECBDD000226B3E /* EmptyView.swift in Sources */,
				8E10F67527D9C57800EBF12E /* InstrumentListView.swift in Sources */,
				8EC5691927E152640065E845 /* RegistrationDataModel.swift in Sources */,
				8E30EBAA27D76220005AE313 /* MainDataModel.swift in Sources */,
				639C7DBA27D6444400A40FC2 /* ChallengesViewController.swift in Sources */,
				63BA0BFB27D616120025F0A5 /* AppDelegate.swift in Sources */,
				639C7D6C27D61DD700A40FC2 /* UIViewHiding.swift in Sources */,
				8E10F66B27D8E8D700EBF12E /* CircularProgressBar.swift in Sources */,
				8EC568F927E0AF9A0065E845 /* InputForm + UITextFieldDelegate.swift in Sources */,
				639C7D5C27D61C9700A40FC2 /* CustomUISegmentedControl.swift in Sources */,
				639C7D9F27D6403E00A40FC2 /* ProfileCoordinator.swift in Sources */,
				8EC5691727E152310065E845 /* RegistrationViewController.swift in Sources */,
				639C7D5F27D61CD300A40FC2 /* UIStackView.swift in Sources */,
				639C7DBC27D6444E00A40FC2 /* FavouritesView.swift in Sources */,
				639C7DA127D6405C00A40FC2 /* FavouritesCoordinator.swift in Sources */,
				639C7D8027D61F4F00A40FC2 /* BaseColor.swift in Sources */,
				63BA0C2027D617CA0025F0A5 /* APIError.swift in Sources */,
				639C7D6227D61D3200A40FC2 /* UIAlertControllerCommonInputData.swift in Sources */,
				8E10F68827DA6D8E00EBF12E /* ChangeCategoriesViewController.swift in Sources */,
				8EC08FCB27E5C1B700F544B2 /* ResultScreenViewController.swift in Sources */,
				8EC08FD127EC8CBE00F544B2 /* InstrumentListDataModel.swift in Sources */,
				63BA0C3227D619FC0025F0A5 /* TabBarTransitions.swift in Sources */,
				8E10F67A27D9C5FF00EBF12E /* InstrumentTableViewCell.swift in Sources */,
				8E10F69527DB92F300EBF12E /* getInstrumentsByTypeResponse.swift in Sources */,
				8EFC9EE027F70D3200F098C8 /* UICollectionView + SelectItem.swift in Sources */,
				639C7D8B27D620EA00A40FC2 /* Coordinator.swift in Sources */,
				639C7DB827D6443900A40FC2 /* ChallengesView.swift in Sources */,
				8EC5691527E152090065E845 /* RegistrationScreen.swift in Sources */,
				639C7DBE27D6445900A40FC2 /* FavouritesViewController.swift in Sources */,
				639C7D7727D61E8F00A40FC2 /* BaseViewController.swift in Sources */,
				639C7DD027D653DD00A40FC2 /* NavigationBar.swift in Sources */,
				8EC568F527E0AF5A0065E845 /* SuggestionsListItem.swift in Sources */,
				8E10F67727D9C59700EBF12E /* InstrumentListViewController.swift in Sources */,
				639C7D7127D61E2000A40FC2 /* UIImage.swift in Sources */,
				639C7DA527D6409500A40FC2 /* MainCoordinator.swift in Sources */,
				639C7D6E27D61DED00A40FC2 /* UIViewAnimation.swift in Sources */,
				8E10F69327DB929700EBF12E /* CatalogProviderRequestParam.swift in Sources */,
				639C7D5027D61B2300A40FC2 /* Animations.swift in Sources */,
				8EC5690B27E111200065E845 /* AlertDialogView.swift in Sources */,
				639C7D8527D61FC900A40FC2 /* AppIcons.swift in Sources */,
				63BA0C2427D618970025F0A5 /* SessionConfigurationProtocol.swift in Sources */,
				8EC568FB27E0AFB30065E845 /* InputFormModel.swift in Sources */,
				639C7D9027D6213800A40FC2 /* ApplicationCoordinator.swift in Sources */,
				8E10F66727D87DC000EBF12E /* NavigationBartitle.swift in Sources */,
				639C7D9B27D63F9B00A40FC2 /* LaunchScreenView.swift in Sources */,
			);
			runOnlyForDeploymentPostprocessing = 0;
		};
/* End PBXSourcesBuildPhase section */

/* Begin PBXVariantGroup section */
		63BA0C0527D616130025F0A5 /* LaunchScreen.storyboard */ = {
			isa = PBXVariantGroup;
			children = (
				63BA0C0627D616130025F0A5 /* Base */,
			);
			name = LaunchScreen.storyboard;
			sourceTree = "<group>";
		};
/* End PBXVariantGroup section */

/* Begin XCBuildConfiguration section */
		63BA0C0927D616130025F0A5 /* Debug */ = {
			isa = XCBuildConfiguration;
			buildSettings = {
				ALWAYS_SEARCH_USER_PATHS = NO;
				CLANG_ANALYZER_NONNULL = YES;
				CLANG_ANALYZER_NUMBER_OBJECT_CONVERSION = YES_AGGRESSIVE;
				CLANG_CXX_LANGUAGE_STANDARD = "gnu++17";
				CLANG_CXX_LIBRARY = "libc++";
				CLANG_ENABLE_MODULES = YES;
				CLANG_ENABLE_OBJC_ARC = YES;
				CLANG_ENABLE_OBJC_WEAK = YES;
				CLANG_WARN_BLOCK_CAPTURE_AUTORELEASING = YES;
				CLANG_WARN_BOOL_CONVERSION = YES;
				CLANG_WARN_COMMA = YES;
				CLANG_WARN_CONSTANT_CONVERSION = YES;
				CLANG_WARN_DEPRECATED_OBJC_IMPLEMENTATIONS = YES;
				CLANG_WARN_DIRECT_OBJC_ISA_USAGE = YES_ERROR;
				CLANG_WARN_DOCUMENTATION_COMMENTS = YES;
				CLANG_WARN_EMPTY_BODY = YES;
				CLANG_WARN_ENUM_CONVERSION = YES;
				CLANG_WARN_INFINITE_RECURSION = YES;
				CLANG_WARN_INT_CONVERSION = YES;
				CLANG_WARN_NON_LITERAL_NULL_CONVERSION = YES;
				CLANG_WARN_OBJC_IMPLICIT_RETAIN_SELF = YES;
				CLANG_WARN_OBJC_LITERAL_CONVERSION = YES;
				CLANG_WARN_OBJC_ROOT_CLASS = YES_ERROR;
				CLANG_WARN_QUOTED_INCLUDE_IN_FRAMEWORK_HEADER = YES;
				CLANG_WARN_RANGE_LOOP_ANALYSIS = YES;
				CLANG_WARN_STRICT_PROTOTYPES = YES;
				CLANG_WARN_SUSPICIOUS_MOVE = YES;
				CLANG_WARN_UNGUARDED_AVAILABILITY = YES_AGGRESSIVE;
				CLANG_WARN_UNREACHABLE_CODE = YES;
				CLANG_WARN__DUPLICATE_METHOD_MATCH = YES;
				COPY_PHASE_STRIP = NO;
				DEBUG_INFORMATION_FORMAT = dwarf;
				ENABLE_STRICT_OBJC_MSGSEND = YES;
				ENABLE_TESTABILITY = YES;
				GCC_C_LANGUAGE_STANDARD = gnu11;
				GCC_DYNAMIC_NO_PIC = NO;
				GCC_NO_COMMON_BLOCKS = YES;
				GCC_OPTIMIZATION_LEVEL = 0;
				GCC_PREPROCESSOR_DEFINITIONS = (
					"DEBUG=1",
					"$(inherited)",
				);
				GCC_WARN_64_TO_32_BIT_CONVERSION = YES;
				GCC_WARN_ABOUT_RETURN_TYPE = YES_ERROR;
				GCC_WARN_UNDECLARED_SELECTOR = YES;
				GCC_WARN_UNINITIALIZED_AUTOS = YES_AGGRESSIVE;
				GCC_WARN_UNUSED_FUNCTION = YES;
				GCC_WARN_UNUSED_VARIABLE = YES;
				IPHONEOS_DEPLOYMENT_TARGET = 15.2;
				MTL_ENABLE_DEBUG_INFO = INCLUDE_SOURCE;
				MTL_FAST_MATH = YES;
				ONLY_ACTIVE_ARCH = YES;
				SDKROOT = iphoneos;
				SWIFT_ACTIVE_COMPILATION_CONDITIONS = DEBUG;
				SWIFT_OPTIMIZATION_LEVEL = "-Onone";
			};
			name = Debug;
		};
		63BA0C0A27D616130025F0A5 /* Release */ = {
			isa = XCBuildConfiguration;
			buildSettings = {
				ALWAYS_SEARCH_USER_PATHS = NO;
				CLANG_ANALYZER_NONNULL = YES;
				CLANG_ANALYZER_NUMBER_OBJECT_CONVERSION = YES_AGGRESSIVE;
				CLANG_CXX_LANGUAGE_STANDARD = "gnu++17";
				CLANG_CXX_LIBRARY = "libc++";
				CLANG_ENABLE_MODULES = YES;
				CLANG_ENABLE_OBJC_ARC = YES;
				CLANG_ENABLE_OBJC_WEAK = YES;
				CLANG_WARN_BLOCK_CAPTURE_AUTORELEASING = YES;
				CLANG_WARN_BOOL_CONVERSION = YES;
				CLANG_WARN_COMMA = YES;
				CLANG_WARN_CONSTANT_CONVERSION = YES;
				CLANG_WARN_DEPRECATED_OBJC_IMPLEMENTATIONS = YES;
				CLANG_WARN_DIRECT_OBJC_ISA_USAGE = YES_ERROR;
				CLANG_WARN_DOCUMENTATION_COMMENTS = YES;
				CLANG_WARN_EMPTY_BODY = YES;
				CLANG_WARN_ENUM_CONVERSION = YES;
				CLANG_WARN_INFINITE_RECURSION = YES;
				CLANG_WARN_INT_CONVERSION = YES;
				CLANG_WARN_NON_LITERAL_NULL_CONVERSION = YES;
				CLANG_WARN_OBJC_IMPLICIT_RETAIN_SELF = YES;
				CLANG_WARN_OBJC_LITERAL_CONVERSION = YES;
				CLANG_WARN_OBJC_ROOT_CLASS = YES_ERROR;
				CLANG_WARN_QUOTED_INCLUDE_IN_FRAMEWORK_HEADER = YES;
				CLANG_WARN_RANGE_LOOP_ANALYSIS = YES;
				CLANG_WARN_STRICT_PROTOTYPES = YES;
				CLANG_WARN_SUSPICIOUS_MOVE = YES;
				CLANG_WARN_UNGUARDED_AVAILABILITY = YES_AGGRESSIVE;
				CLANG_WARN_UNREACHABLE_CODE = YES;
				CLANG_WARN__DUPLICATE_METHOD_MATCH = YES;
				COPY_PHASE_STRIP = NO;
				DEBUG_INFORMATION_FORMAT = "dwarf-with-dsym";
				ENABLE_NS_ASSERTIONS = NO;
				ENABLE_STRICT_OBJC_MSGSEND = YES;
				GCC_C_LANGUAGE_STANDARD = gnu11;
				GCC_NO_COMMON_BLOCKS = YES;
				GCC_WARN_64_TO_32_BIT_CONVERSION = YES;
				GCC_WARN_ABOUT_RETURN_TYPE = YES_ERROR;
				GCC_WARN_UNDECLARED_SELECTOR = YES;
				GCC_WARN_UNINITIALIZED_AUTOS = YES_AGGRESSIVE;
				GCC_WARN_UNUSED_FUNCTION = YES;
				GCC_WARN_UNUSED_VARIABLE = YES;
				IPHONEOS_DEPLOYMENT_TARGET = 15.2;
				MTL_ENABLE_DEBUG_INFO = NO;
				MTL_FAST_MATH = YES;
				SDKROOT = iphoneos;
				SWIFT_COMPILATION_MODE = wholemodule;
				SWIFT_OPTIMIZATION_LEVEL = "-O";
				VALIDATE_PRODUCT = YES;
			};
			name = Release;
		};
		63BA0C0C27D616130025F0A5 /* Debug */ = {
			isa = XCBuildConfiguration;
			baseConfigurationReference = 456839DD83B80AD68B109B2F /* Pods-MedicalInstruments.debug.xcconfig */;
			buildSettings = {
				ASSETCATALOG_COMPILER_APPICON_NAME = AppIcon;
				ASSETCATALOG_COMPILER_GLOBAL_ACCENT_COLOR_NAME = AccentColor;
				CODE_SIGN_STYLE = Automatic;
				CURRENT_PROJECT_VERSION = 1;
				DEVELOPMENT_TEAM = T65934Q4J6;
				GENERATE_INFOPLIST_FILE = YES;
				INFOPLIST_FILE = MedicalInstruments/Info.plist;
				INFOPLIST_KEY_UIApplicationSupportsIndirectInputEvents = YES;
				INFOPLIST_KEY_UILaunchStoryboardName = LaunchScreen;
				INFOPLIST_KEY_UISupportedInterfaceOrientations = UIInterfaceOrientationPortrait;
				INFOPLIST_KEY_UISupportedInterfaceOrientations_iPad = "UIInterfaceOrientationPortrait UIInterfaceOrientationPortraitUpsideDown UIInterfaceOrientationLandscapeLeft UIInterfaceOrientationLandscapeRight";
				INFOPLIST_KEY_UISupportedInterfaceOrientations_iPhone = "UIInterfaceOrientationPortrait UIInterfaceOrientationLandscapeLeft UIInterfaceOrientationLandscapeRight";
				IPHONEOS_DEPLOYMENT_TARGET = 13.0;
				LD_RUNPATH_SEARCH_PATHS = (
					"$(inherited)",
					"@executable_path/Frameworks",
				);
				MARKETING_VERSION = 1.0;
				PRODUCT_BUNDLE_IDENTIFIER = com.studiofact.instruments;
				PRODUCT_NAME = "$(TARGET_NAME)";
				SWIFT_EMIT_LOC_STRINGS = YES;
				SWIFT_VERSION = 5.0;
				TARGETED_DEVICE_FAMILY = 1;
			};
			name = Debug;
		};
		63BA0C0D27D616130025F0A5 /* Release */ = {
			isa = XCBuildConfiguration;
			baseConfigurationReference = 7EA21EDF9699ABE43310B597 /* Pods-MedicalInstruments.release.xcconfig */;
			buildSettings = {
				ASSETCATALOG_COMPILER_APPICON_NAME = AppIcon;
				ASSETCATALOG_COMPILER_GLOBAL_ACCENT_COLOR_NAME = AccentColor;
				CODE_SIGN_STYLE = Automatic;
				CURRENT_PROJECT_VERSION = 1;
				DEVELOPMENT_TEAM = T65934Q4J6;
				GENERATE_INFOPLIST_FILE = YES;
				INFOPLIST_FILE = MedicalInstruments/Info.plist;
				INFOPLIST_KEY_UIApplicationSupportsIndirectInputEvents = YES;
				INFOPLIST_KEY_UILaunchStoryboardName = LaunchScreen;
				INFOPLIST_KEY_UISupportedInterfaceOrientations = UIInterfaceOrientationPortrait;
				INFOPLIST_KEY_UISupportedInterfaceOrientations_iPad = "UIInterfaceOrientationPortrait UIInterfaceOrientationPortraitUpsideDown UIInterfaceOrientationLandscapeLeft UIInterfaceOrientationLandscapeRight";
				INFOPLIST_KEY_UISupportedInterfaceOrientations_iPhone = "UIInterfaceOrientationPortrait UIInterfaceOrientationLandscapeLeft UIInterfaceOrientationLandscapeRight";
				IPHONEOS_DEPLOYMENT_TARGET = 13.0;
				LD_RUNPATH_SEARCH_PATHS = (
					"$(inherited)",
					"@executable_path/Frameworks",
				);
				MARKETING_VERSION = 1.0;
				PRODUCT_BUNDLE_IDENTIFIER = com.studiofact.instruments;
				PRODUCT_NAME = "$(TARGET_NAME)";
				SWIFT_EMIT_LOC_STRINGS = YES;
				SWIFT_VERSION = 5.0;
				TARGETED_DEVICE_FAMILY = 1;
			};
			name = Release;
		};
/* End XCBuildConfiguration section */

/* Begin XCConfigurationList section */
		63BA0BF227D616120025F0A5 /* Build configuration list for PBXProject "MedicalInstruments" */ = {
			isa = XCConfigurationList;
			buildConfigurations = (
				63BA0C0927D616130025F0A5 /* Debug */,
				63BA0C0A27D616130025F0A5 /* Release */,
			);
			defaultConfigurationIsVisible = 0;
			defaultConfigurationName = Release;
		};
		63BA0C0B27D616130025F0A5 /* Build configuration list for PBXNativeTarget "MedicalInstruments" */ = {
			isa = XCConfigurationList;
			buildConfigurations = (
				63BA0C0C27D616130025F0A5 /* Debug */,
				63BA0C0D27D616130025F0A5 /* Release */,
			);
			defaultConfigurationIsVisible = 0;
			defaultConfigurationName = Release;
		};
/* End XCConfigurationList section */
	};
	rootObject = 63BA0BEF27D616120025F0A5 /* Project object */;
}
